// !$*UTF8*$!
{
	archiveVersion = 1;
	classes = {
	};
	objectVersion = 56;
	objects = {

/* Begin PBXBuildFile section */
		823111D22CD12AFD00F46F89 /* AppDelegate.swift in Sources */ = {isa = PBXBuildFile; fileRef = 823111D12CD12AFD00F46F89 /* AppDelegate.swift */; };
		823111D42CD12AFD00F46F89 /* SceneDelegate.swift in Sources */ = {isa = PBXBuildFile; fileRef = 823111D32CD12AFD00F46F89 /* SceneDelegate.swift */; };
		823111D62CD12AFD00F46F89 /* ViewController.swift in Sources */ = {isa = PBXBuildFile; fileRef = 823111D52CD12AFD00F46F89 /* ViewController.swift */; };
		823111D92CD12AFD00F46F89 /* Base in Resources */ = {isa = PBXBuildFile; fileRef = 823111D82CD12AFD00F46F89 /* Base */; };
		823111DB2CD12AFE00F46F89 /* Assets.xcassets in Resources */ = {isa = PBXBuildFile; fileRef = 823111DA2CD12AFE00F46F89 /* Assets.xcassets */; };
		823111DE2CD12AFE00F46F89 /* Base in Resources */ = {isa = PBXBuildFile; fileRef = 823111DD2CD12AFE00F46F89 /* Base */; };
		823111E92CD12AFE00F46F89 /* BMI_CalculatorTests.swift in Sources */ = {isa = PBXBuildFile; fileRef = 823111E82CD12AFE00F46F89 /* BMI_CalculatorTests.swift */; };
		823111F32CD12AFE00F46F89 /* BMI_CalculatorUITests.swift in Sources */ = {isa = PBXBuildFile; fileRef = 823111F22CD12AFE00F46F89 /* BMI_CalculatorUITests.swift */; };
		823111F52CD12AFE00F46F89 /* BMI_CalculatorUITestsLaunchTests.swift in Sources */ = {isa = PBXBuildFile; fileRef = 823111F42CD12AFE00F46F89 /* BMI_CalculatorUITestsLaunchTests.swift */; };
		823112042CD1300700F46F89 /* ResultViewController.swift in Sources */ = {isa = PBXBuildFile; fileRef = 823112032CD1300700F46F89 /* ResultViewController.swift */; };
/* End PBXBuildFile section */

/* Begin PBXContainerItemProxy section */
		823111E52CD12AFE00F46F89 /* PBXContainerItemProxy */ = {
			isa = PBXContainerItemProxy;
			containerPortal = 823111C62CD12AFD00F46F89 /* Project object */;
			proxyType = 1;
			remoteGlobalIDString = 823111CD2CD12AFD00F46F89;
			remoteInfo = "BMI Calculator";
		};
		823111EF2CD12AFE00F46F89 /* PBXContainerItemProxy */ = {
			isa = PBXContainerItemProxy;
			containerPortal = 823111C62CD12AFD00F46F89 /* Project object */;
			proxyType = 1;
			remoteGlobalIDString = 823111CD2CD12AFD00F46F89;
			remoteInfo = "BMI Calculator";
		};
/* End PBXContainerItemProxy section */

/* Begin PBXFileReference section */
		823111CE2CD12AFD00F46F89 /* BMI Calculator.app */ = {isa = PBXFileReference; explicitFileType = wrapper.application; includeInIndex = 0; path = "BMI Calculator.app"; sourceTree = BUILT_PRODUCTS_DIR; };
		823111D12CD12AFD00F46F89 /* AppDelegate.swift */ = {isa = PBXFileReference; lastKnownFileType = sourcecode.swift; path = AppDelegate.swift; sourceTree = "<group>"; };
		823111D32CD12AFD00F46F89 /* SceneDelegate.swift */ = {isa = PBXFileReference; lastKnownFileType = sourcecode.swift; path = SceneDelegate.swift; sourceTree = "<group>"; };
		823111D52CD12AFD00F46F89 /* ViewController.swift */ = {isa = PBXFileReference; lastKnownFileType = sourcecode.swift; path = ViewController.swift; sourceTree = "<group>"; };
		823111D82CD12AFD00F46F89 /* Base */ = {isa = PBXFileReference; lastKnownFileType = file.storyboard; name = Base; path = Base.lproj/Main.storyboard; sourceTree = "<group>"; };
		823111DA2CD12AFE00F46F89 /* Assets.xcassets */ = {isa = PBXFileReference; lastKnownFileType = folder.assetcatalog; path = Assets.xcassets; sourceTree = "<group>"; };
		823111DD2CD12AFE00F46F89 /* Base */ = {isa = PBXFileReference; lastKnownFileType = file.storyboard; name = Base; path = Base.lproj/LaunchScreen.storyboard; sourceTree = "<group>"; };
		823111DF2CD12AFE00F46F89 /* Info.plist */ = {isa = PBXFileReference; lastKnownFileType = text.plist.xml; path = Info.plist; sourceTree = "<group>"; };
		823111E42CD12AFE00F46F89 /* BMI CalculatorTests.xctest */ = {isa = PBXFileReference; explicitFileType = wrapper.cfbundle; includeInIndex = 0; path = "BMI CalculatorTests.xctest"; sourceTree = BUILT_PRODUCTS_DIR; };
		823111E82CD12AFE00F46F89 /* BMI_CalculatorTests.swift */ = {isa = PBXFileReference; lastKnownFileType = sourcecode.swift; path = BMI_CalculatorTests.swift; sourceTree = "<group>"; };
		823111EE2CD12AFE00F46F89 /* BMI CalculatorUITests.xctest */ = {isa = PBXFileReference; explicitFileType = wrapper.cfbundle; includeInIndex = 0; path = "BMI CalculatorUITests.xctest"; sourceTree = BUILT_PRODUCTS_DIR; };
		823111F22CD12AFE00F46F89 /* BMI_CalculatorUITests.swift */ = {isa = PBXFileReference; lastKnownFileType = sourcecode.swift; path = BMI_CalculatorUITests.swift; sourceTree = "<group>"; };
		823111F42CD12AFE00F46F89 /* BMI_CalculatorUITestsLaunchTests.swift */ = {isa = PBXFileReference; lastKnownFileType = sourcecode.swift; path = BMI_CalculatorUITestsLaunchTests.swift; sourceTree = "<group>"; };
		823112032CD1300700F46F89 /* ResultViewController.swift */ = {isa = PBXFileReference; lastKnownFileType = sourcecode.swift; path = ResultViewController.swift; sourceTree = "<group>"; };
/* End PBXFileReference section */

/* Begin PBXFrameworksBuildPhase section */
		823111CB2CD12AFD00F46F89 /* Frameworks */ = {
			isa = PBXFrameworksBuildPhase;
			buildActionMask = 2147483647;
			files = (
			);
			runOnlyForDeploymentPostprocessing = 0;
		};
		823111E12CD12AFE00F46F89 /* Frameworks */ = {
			isa = PBXFrameworksBuildPhase;
			buildActionMask = 2147483647;
			files = (
			);
			runOnlyForDeploymentPostprocessing = 0;
		};
		823111EB2CD12AFE00F46F89 /* Frameworks */ = {
			isa = PBXFrameworksBuildPhase;
			buildActionMask = 2147483647;
			files = (
			);
			runOnlyForDeploymentPostprocessing = 0;
		};
/* End PBXFrameworksBuildPhase section */

/* Begin PBXGroup section */
		823111C52CD12AFD00F46F89 = {
			isa = PBXGroup;
			children = (
				823111D02CD12AFD00F46F89 /* BMI Calculator */,
				823111E72CD12AFE00F46F89 /* BMI CalculatorTests */,
				823111F12CD12AFE00F46F89 /* BMI CalculatorUITests */,
				823111CF2CD12AFD00F46F89 /* Products */,
			);
			sourceTree = "<group>";
		};
		823111CF2CD12AFD00F46F89 /* Products */ = {
			isa = PBXGroup;
			children = (
				823111CE2CD12AFD00F46F89 /* BMI Calculator.app */,
				823111E42CD12AFE00F46F89 /* BMI CalculatorTests.xctest */,
				823111EE2CD12AFE00F46F89 /* BMI CalculatorUITests.xctest */,
			);
			name = Products;
			sourceTree = "<group>";
		};
		823111D02CD12AFD00F46F89 /* BMI Calculator */ = {
			isa = PBXGroup;
			children = (
				823111D12CD12AFD00F46F89 /* AppDelegate.swift */,
				823111D32CD12AFD00F46F89 /* SceneDelegate.swift */,
				823111D52CD12AFD00F46F89 /* ViewController.swift */,
				823111D72CD12AFD00F46F89 /* Main.storyboard */,
				823111DA2CD12AFE00F46F89 /* Assets.xcassets */,
				823111DC2CD12AFE00F46F89 /* LaunchScreen.storyboard */,
				823111DF2CD12AFE00F46F89 /* Info.plist */,
				823112032CD1300700F46F89 /* ResultViewController.swift */,
			);
			path = "BMI Calculator";
			sourceTree = "<group>";
		};
		823111E72CD12AFE00F46F89 /* BMI CalculatorTests */ = {
			isa = PBXGroup;
			children = (
				823111E82CD12AFE00F46F89 /* BMI_CalculatorTests.swift */,
			);
			path = "BMI CalculatorTests";
			sourceTree = "<group>";
		};
		823111F12CD12AFE00F46F89 /* BMI CalculatorUITests */ = {
			isa = PBXGroup;
			children = (
				823111F22CD12AFE00F46F89 /* BMI_CalculatorUITests.swift */,
				823111F42CD12AFE00F46F89 /* BMI_CalculatorUITestsLaunchTests.swift */,
			);
			path = "BMI CalculatorUITests";
			sourceTree = "<group>";
		};
/* End PBXGroup section */

/* Begin PBXNativeTarget section */
		823111CD2CD12AFD00F46F89 /* BMI Calculator */ = {
			isa = PBXNativeTarget;
			buildConfigurationList = 823111F82CD12AFE00F46F89 /* Build configuration list for PBXNativeTarget "BMI Calculator" */;
			buildPhases = (
				823111CA2CD12AFD00F46F89 /* Sources */,
				823111CB2CD12AFD00F46F89 /* Frameworks */,
				823111CC2CD12AFD00F46F89 /* Resources */,
			);
			buildRules = (
			);
			dependencies = (
			);
			name = "BMI Calculator";
			productName = "BMI Calculator";
			productReference = 823111CE2CD12AFD00F46F89 /* BMI Calculator.app */;
			productType = "com.apple.product-type.application";
		};
		823111E32CD12AFE00F46F89 /* BMI CalculatorTests */ = {
			isa = PBXNativeTarget;
			buildConfigurationList = 823111FB2CD12AFE00F46F89 /* Build configuration list for PBXNativeTarget "BMI CalculatorTests" */;
			buildPhases = (
				823111E02CD12AFE00F46F89 /* Sources */,
				823111E12CD12AFE00F46F89 /* Frameworks */,
				823111E22CD12AFE00F46F89 /* Resources */,
			);
			buildRules = (
			);
			dependencies = (
				823111E62CD12AFE00F46F89 /* PBXTargetDependency */,
			);
			name = "BMI CalculatorTests";
			productName = "BMI CalculatorTests";
			productReference = 823111E42CD12AFE00F46F89 /* BMI CalculatorTests.xctest */;
			productType = "com.apple.product-type.bundle.unit-test";
		};
		823111ED2CD12AFE00F46F89 /* BMI CalculatorUITests */ = {
			isa = PBXNativeTarget;
			buildConfigurationList = 823111FE2CD12AFE00F46F89 /* Build configuration list for PBXNativeTarget "BMI CalculatorUITests" */;
			buildPhases = (
				823111EA2CD12AFE00F46F89 /* Sources */,
				823111EB2CD12AFE00F46F89 /* Frameworks */,
				823111EC2CD12AFE00F46F89 /* Resources */,
			);
			buildRules = (
			);
			dependencies = (
				823111F02CD12AFE00F46F89 /* PBXTargetDependency */,
			);
			name = "BMI CalculatorUITests";
			productName = "BMI CalculatorUITests";
			productReference = 823111EE2CD12AFE00F46F89 /* BMI CalculatorUITests.xctest */;
			productType = "com.apple.product-type.bundle.ui-testing";
		};
/* End PBXNativeTarget section */

/* Begin PBXProject section */
		823111C62CD12AFD00F46F89 /* Project object */ = {
			isa = PBXProject;
			attributes = {
				BuildIndependentTargetsInParallel = 1;
				LastSwiftUpdateCheck = 1540;
				LastUpgradeCheck = 1540;
				TargetAttributes = {
					823111CD2CD12AFD00F46F89 = {
						CreatedOnToolsVersion = 15.4;
					};
					823111E32CD12AFE00F46F89 = {
						CreatedOnToolsVersion = 15.4;
						TestTargetID = 823111CD2CD12AFD00F46F89;
					};
					823111ED2CD12AFE00F46F89 = {
						CreatedOnToolsVersion = 15.4;
						TestTargetID = 823111CD2CD12AFD00F46F89;
					};
				};
			};
			buildConfigurationList = 823111C92CD12AFD00F46F89 /* Build configuration list for PBXProject "BMI Calculator" */;
			compatibilityVersion = "Xcode 14.0";
			developmentRegion = en;
			hasScannedForEncodings = 0;
			knownRegions = (
				en,
				Base,
			);
			mainGroup = 823111C52CD12AFD00F46F89;
			productRefGroup = 823111CF2CD12AFD00F46F89 /* Products */;
			projectDirPath = "";
			projectRoot = "";
			targets = (
				823111CD2CD12AFD00F46F89 /* BMI Calculator */,
				823111E32CD12AFE00F46F89 /* BMI CalculatorTests */,
				823111ED2CD12AFE00F46F89 /* BMI CalculatorUITests */,
			);
		};
/* End PBXProject section */

/* Begin PBXResourcesBuildPhase section */
		823111CC2CD12AFD00F46F89 /* Resources */ = {
			isa = PBXResourcesBuildPhase;
			buildActionMask = 2147483647;
			files = (
				823111DB2CD12AFE00F46F89 /* Assets.xcassets in Resources */,
				823111DE2CD12AFE00F46F89 /* Base in Resources */,
				823111D92CD12AFD00F46F89 /* Base in Resources */,
			);
			runOnlyForDeploymentPostprocessing = 0;
		};
		823111E22CD12AFE00F46F89 /* Resources */ = {
			isa = PBXResourcesBuildPhase;
			buildActionMask = 2147483647;
			files = (
			);
			runOnlyForDeploymentPostprocessing = 0;
		};
		823111EC2CD12AFE00F46F89 /* Resources */ = {
			isa = PBXResourcesBuildPhase;
			buildActionMask = 2147483647;
			files = (
			);
			runOnlyForDeploymentPostprocessing = 0;
		};
/* End PBXResourcesBuildPhase section */

/* Begin PBXSourcesBuildPhase section */
		823111CA2CD12AFD00F46F89 /* Sources */ = {
			isa = PBXSourcesBuildPhase;
			buildActionMask = 2147483647;
			files = (
				823111D62CD12AFD00F46F89 /* ViewController.swift in Sources */,
				823111D22CD12AFD00F46F89 /* AppDelegate.swift in Sources */,
				823111D42CD12AFD00F46F89 /* SceneDelegate.swift in Sources */,
				823112042CD1300700F46F89 /* ResultViewController.swift in Sources */,
			);
			runOnlyForDeploymentPostprocessing = 0;
		};
		823111E02CD12AFE00F46F89 /* Sources */ = {
			isa = PBXSourcesBuildPhase;
			buildActionMask = 2147483647;
			files = (
				823111E92CD12AFE00F46F89 /* BMI_CalculatorTests.swift in Sources */,
			);
			runOnlyForDeploymentPostprocessing = 0;
		};
		823111EA2CD12AFE00F46F89 /* Sources */ = {
			isa = PBXSourcesBuildPhase;
			buildActionMask = 2147483647;
			files = (
				823111F32CD12AFE00F46F89 /* BMI_CalculatorUITests.swift in Sources */,
				823111F52CD12AFE00F46F89 /* BMI_CalculatorUITestsLaunchTests.swift in Sources */,
			);
			runOnlyForDeploymentPostprocessing = 0;
		};
/* End PBXSourcesBuildPhase section */

/* Begin PBXTargetDependency section */
		823111E62CD12AFE00F46F89 /* PBXTargetDependency */ = {
			isa = PBXTargetDependency;
			target = 823111CD2CD12AFD00F46F89 /* BMI Calculator */;
			targetProxy = 823111E52CD12AFE00F46F89 /* PBXContainerItemProxy */;
		};
		823111F02CD12AFE00F46F89 /* PBXTargetDependency */ = {
			isa = PBXTargetDependency;
			target = 823111CD2CD12AFD00F46F89 /* BMI Calculator */;
			targetProxy = 823111EF2CD12AFE00F46F89 /* PBXContainerItemProxy */;
		};
/* End PBXTargetDependency section */

/* Begin PBXVariantGroup section */
		823111D72CD12AFD00F46F89 /* Main.storyboard */ = {
			isa = PBXVariantGroup;
			children = (
				823111D82CD12AFD00F46F89 /* Base */,
			);
			name = Main.storyboard;
			sourceTree = "<group>";
		};
		823111DC2CD12AFE00F46F89 /* LaunchScreen.storyboard */ = {
			isa = PBXVariantGroup;
			children = (
				823111DD2CD12AFE00F46F89 /* Base */,
			);
			name = LaunchScreen.storyboard;
			sourceTree = "<group>";
		};
/* End PBXVariantGroup section */

/* Begin XCBuildConfiguration section */
		823111F62CD12AFE00F46F89 /* Debug */ = {
			isa = XCBuildConfiguration;
			buildSettings = {
				ALWAYS_SEARCH_USER_PATHS = NO;
				ASSETCATALOG_COMPILER_GENERATE_SWIFT_ASSET_SYMBOL_EXTENSIONS = YES;
				CLANG_ANALYZER_NONNULL = YES;
				CLANG_ANALYZER_NUMBER_OBJECT_CONVERSION = YES_AGGRESSIVE;
				CLANG_CXX_LANGUAGE_STANDARD = "gnu++20";
				CLANG_ENABLE_MODULES = YES;
				CLANG_ENABLE_OBJC_ARC = YES;
				CLANG_ENABLE_OBJC_WEAK = YES;
				CLANG_WARN_BLOCK_CAPTURE_AUTORELEASING = YES;
				CLANG_WARN_BOOL_CONVERSION = YES;
				CLANG_WARN_COMMA = YES;
				CLANG_WARN_CONSTANT_CONVERSION = YES;
				CLANG_WARN_DEPRECATED_OBJC_IMPLEMENTATIONS = YES;
				CLANG_WARN_DIRECT_OBJC_ISA_USAGE = YES_ERROR;
				CLANG_WARN_DOCUMENTATION_COMMENTS = YES;
				CLANG_WARN_EMPTY_BODY = YES;
				CLANG_WARN_ENUM_CONVERSION = YES;
				CLANG_WARN_INFINITE_RECURSION = YES;
				CLANG_WARN_INT_CONVERSION = YES;
				CLANG_WARN_NON_LITERAL_NULL_CONVERSION = YES;
				CLANG_WARN_OBJC_IMPLICIT_RETAIN_SELF = YES;
				CLANG_WARN_OBJC_LITERAL_CONVERSION = YES;
				CLANG_WARN_OBJC_ROOT_CLASS = YES_ERROR;
				CLANG_WARN_QUOTED_INCLUDE_IN_FRAMEWORK_HEADER = YES;
				CLANG_WARN_RANGE_LOOP_ANALYSIS = YES;
				CLANG_WARN_STRICT_PROTOTYPES = YES;
				CLANG_WARN_SUSPICIOUS_MOVE = YES;
				CLANG_WARN_UNGUARDED_AVAILABILITY = YES_AGGRESSIVE;
				CLANG_WARN_UNREACHABLE_CODE = YES;
				CLANG_WARN__DUPLICATE_METHOD_MATCH = YES;
				COPY_PHASE_STRIP = NO;
				DEBUG_INFORMATION_FORMAT = dwarf;
				ENABLE_STRICT_OBJC_MSGSEND = YES;
				ENABLE_TESTABILITY = YES;
				ENABLE_USER_SCRIPT_SANDBOXING = YES;
				GCC_C_LANGUAGE_STANDARD = gnu17;
				GCC_DYNAMIC_NO_PIC = NO;
				GCC_NO_COMMON_BLOCKS = YES;
				GCC_OPTIMIZATION_LEVEL = 0;
				GCC_PREPROCESSOR_DEFINITIONS = (
					"DEBUG=1",
					"$(inherited)",
				);
				GCC_WARN_64_TO_32_BIT_CONVERSION = YES;
				GCC_WARN_ABOUT_RETURN_TYPE = YES_ERROR;
				GCC_WARN_UNDECLARED_SELECTOR = YES;
				GCC_WARN_UNINITIALIZED_AUTOS = YES_AGGRESSIVE;
				GCC_WARN_UNUSED_FUNCTION = YES;
				GCC_WARN_UNUSED_VARIABLE = YES;
				IPHONEOS_DEPLOYMENT_TARGET = 17.5;
				LOCALIZATION_PREFERS_STRING_CATALOGS = YES;
				MTL_ENABLE_DEBUG_INFO = INCLUDE_SOURCE;
				MTL_FAST_MATH = YES;
				ONLY_ACTIVE_ARCH = YES;
				SDKROOT = iphoneos;
				SWIFT_ACTIVE_COMPILATION_CONDITIONS = "DEBUG $(inherited)";
				SWIFT_OPTIMIZATION_LEVEL = "-Onone";
			};
			name = Debug;
		};
		823111F72CD12AFE00F46F89 /* Release */ = {
			isa = XCBuildConfiguration;
			buildSettings = {
				ALWAYS_SEARCH_USER_PATHS = NO;
				ASSETCATALOG_COMPILER_GENERATE_SWIFT_ASSET_SYMBOL_EXTENSIONS = YES;
				CLANG_ANALYZER_NONNULL = YES;
				CLANG_ANALYZER_NUMBER_OBJECT_CONVERSION = YES_AGGRESSIVE;
				CLANG_CXX_LANGUAGE_STANDARD = "gnu++20";
				CLANG_ENABLE_MODULES = YES;
				CLANG_ENABLE_OBJC_ARC = YES;
				CLANG_ENABLE_OBJC_WEAK = YES;
				CLANG_WARN_BLOCK_CAPTURE_AUTORELEASING = YES;
				CLANG_WARN_BOOL_CONVERSION = YES;
				CLANG_WARN_COMMA = YES;
				CLANG_WARN_CONSTANT_CONVERSION = YES;
				CLANG_WARN_DEPRECATED_OBJC_IMPLEMENTATIONS = YES;
				CLANG_WARN_DIRECT_OBJC_ISA_USAGE = YES_ERROR;
				CLANG_WARN_DOCUMENTATION_COMMENTS = YES;
				CLANG_WARN_EMPTY_BODY = YES;
				CLANG_WARN_ENUM_CONVERSION = YES;
				CLANG_WARN_INFINITE_RECURSION = YES;
				CLANG_WARN_INT_CONVERSION = YES;
				CLANG_WARN_NON_LITERAL_NULL_CONVERSION = YES;
				CLANG_WARN_OBJC_IMPLICIT_RETAIN_SELF = YES;
				CLANG_WARN_OBJC_LITERAL_CONVERSION = YES;
				CLANG_WARN_OBJC_ROOT_CLASS = YES_ERROR;
				CLANG_WARN_QUOTED_INCLUDE_IN_FRAMEWORK_HEADER = YES;
				CLANG_WARN_RANGE_LOOP_ANALYSIS = YES;
				CLANG_WARN_STRICT_PROTOTYPES = YES;
				CLANG_WARN_SUSPICIOUS_MOVE = YES;
				CLANG_WARN_UNGUARDED_AVAILABILITY = YES_AGGRESSIVE;
				CLANG_WARN_UNREACHABLE_CODE = YES;
				CLANG_WARN__DUPLICATE_METHOD_MATCH = YES;
				COPY_PHASE_STRIP = NO;
				DEBUG_INFORMATION_FORMAT = "dwarf-with-dsym";
				ENABLE_NS_ASSERTIONS = NO;
				ENABLE_STRICT_OBJC_MSGSEND = YES;
				ENABLE_USER_SCRIPT_SANDBOXING = YES;
				GCC_C_LANGUAGE_STANDARD = gnu17;
				GCC_NO_COMMON_BLOCKS = YES;
				GCC_WARN_64_TO_32_BIT_CONVERSION = YES;
				GCC_WARN_ABOUT_RETURN_TYPE = YES_ERROR;
				GCC_WARN_UNDECLARED_SELECTOR = YES;
				GCC_WARN_UNINITIALIZED_AUTOS = YES_AGGRESSIVE;
				GCC_WARN_UNUSED_FUNCTION = YES;
				GCC_WARN_UNUSED_VARIABLE = YES;
				IPHONEOS_DEPLOYMENT_TARGET = 17.5;
				LOCALIZATION_PREFERS_STRING_CATALOGS = YES;
				MTL_ENABLE_DEBUG_INFO = NO;
				MTL_FAST_MATH = YES;
				SDKROOT = iphoneos;
				SWIFT_COMPILATION_MODE = wholemodule;
				VALIDATE_PRODUCT = YES;
			};
			name = Release;
		};
		823111F92CD12AFE00F46F89 /* Debug */ = {
			isa = XCBuildConfiguration;
			buildSettings = {
				ASSETCATALOG_COMPILER_APPICON_NAME = AppIcon;
				ASSETCATALOG_COMPILER_GLOBAL_ACCENT_COLOR_NAME = AccentColor;
				CODE_SIGN_STYLE = Automatic;
				CURRENT_PROJECT_VERSION = 1;
				GENERATE_INFOPLIST_FILE = YES;
				INFOPLIST_FILE = "BMI Calculator/Info.plist";
				INFOPLIST_KEY_CFBundleDisplayName = "BMI Calc";
				INFOPLIST_KEY_UIApplicationSupportsIndirectInputEvents = YES;
				INFOPLIST_KEY_UILaunchStoryboardName = LaunchScreen;
				INFOPLIST_KEY_UIMainStoryboardFile = Main;
				INFOPLIST_KEY_UISupportedInterfaceOrientations_iPad = "UIInterfaceOrientationPortrait UIInterfaceOrientationPortraitUpsideDown UIInterfaceOrientationLandscapeLeft UIInterfaceOrientationLandscapeRight";
				INFOPLIST_KEY_UISupportedInterfaceOrientations_iPhone = "UIInterfaceOrientationPortrait UIInterfaceOrientationLandscapeLeft UIInterfaceOrientationLandscapeRight";
				IPHONEOS_DEPLOYMENT_TARGET = 15.0;
				LD_RUNPATH_SEARCH_PATHS = (
					"$(inherited)",
					"@executable_path/Frameworks",
				);
				MARKETING_VERSION = 1.0;
				PRODUCT_BUNDLE_IDENTIFIER = "nwmsu.BMI-Calculator";
				PRODUCT_NAME = "$(TARGET_NAME)";
				SWIFT_EMIT_LOC_STRINGS = YES;
				SWIFT_VERSION = 5.0;
				TARGETED_DEVICE_FAMILY = "1,2";
			};
			name = Debug;
		};
		823111FA2CD12AFE00F46F89 /* Release */ = {
			isa = XCBuildConfiguration;
			buildSettings = {
				ASSETCATALOG_COMPILER_APPICON_NAME = AppIcon;
				ASSETCATALOG_COMPILER_GLOBAL_ACCENT_COLOR_NAME = AccentColor;
				CODE_SIGN_STYLE = Automatic;
				CURRENT_PROJECT_VERSION = 1;
				GENERATE_INFOPLIST_FILE = YES;
				INFOPLIST_FILE = "BMI Calculator/Info.plist";
				INFOPLIST_KEY_CFBundleDisplayName = "BMI Calc";
				INFOPLIST_KEY_UIApplicationSupportsIndirectInputEvents = YES;
				INFOPLIST_KEY_UILaunchStoryboardName = LaunchScreen;
				INFOPLIST_KEY_UIMainStoryboardFile = Main;
				INFOPLIST_KEY_UISupportedInterfaceOrientations_iPad = "UIInterfaceOrientationPortrait UIInterfaceOrientationPortraitUpsideDown UIInterfaceOrientationLandscapeLeft UIInterfaceOrientationLandscapeRight";
				INFOPLIST_KEY_UISupportedInterfaceOrientations_iPhone = "UIInterfaceOrientationPortrait UIInterfaceOrientationLandscapeLeft UIInterfaceOrientationLandscapeRight";
				IPHONEOS_DEPLOYMENT_TARGET = 15.0;
				LD_RUNPATH_SEARCH_PATHS = (
					"$(inherited)",
					"@executable_path/Frameworks",
				);
				MARKETING_VERSION = 1.0;
				PRODUCT_BUNDLE_IDENTIFIER = "nwmsu.BMI-Calculator";
				PRODUCT_NAME = "$(TARGET_NAME)";
				SWIFT_EMIT_LOC_STRINGS = YES;
				SWIFT_VERSION = 5.0;
				TARGETED_DEVICE_FAMILY = "1,2";
			};
			name = Release;
		};
		823111FC2CD12AFE00F46F89 /* Debug */ = {
			isa = XCBuildConfiguration;
			buildSettings = {
				ALWAYS_EMBED_SWIFT_STANDARD_LIBRARIES = YES;
				BUNDLE_LOADER = "$(TEST_HOST)";
				CODE_SIGN_STYLE = Automatic;
				CURRENT_PROJECT_VERSION = 1;
				GENERATE_INFOPLIST_FILE = YES;
				IPHONEOS_DEPLOYMENT_TARGET = 17.5;
				MARKETING_VERSION = 1.0;
				PRODUCT_BUNDLE_IDENTIFIER = "nwmsu.BMI-CalculatorTests";
				PRODUCT_NAME = "$(TARGET_NAME)";
				SWIFT_EMIT_LOC_STRINGS = NO;
				SWIFT_VERSION = 5.0;
				TARGETED_DEVICE_FAMILY = "1,2";
				TEST_HOST = "$(BUILT_PRODUCTS_DIR)/BMI Calculator.app/$(BUNDLE_EXECUTABLE_FOLDER_PATH)/BMI Calculator";
			};
			name = Debug;
		};
		823111FD2CD12AFE00F46F89 /* Release */ = {
			isa = XCBuildConfiguration;
			buildSettings = {
				ALWAYS_EMBED_SWIFT_STANDARD_LIBRARIES = YES;
				BUNDLE_LOADER = "$(TEST_HOST)";
				CODE_SIGN_STYLE = Automatic;
				CURRENT_PROJECT_VERSION = 1;
				GENERATE_INFOPLIST_FILE = YES;
				IPHONEOS_DEPLOYMENT_TARGET = 17.5;
				MARKETING_VERSION = 1.0;
				PRODUCT_BUNDLE_IDENTIFIER = "nwmsu.BMI-CalculatorTests";
				PRODUCT_NAME = "$(TARGET_NAME)";
				SWIFT_EMIT_LOC_STRINGS = NO;
				SWIFT_VERSION = 5.0;
				TARGETED_DEVICE_FAMILY = "1,2";
				TEST_HOST = "$(BUILT_PRODUCTS_DIR)/BMI Calculator.app/$(BUNDLE_EXECUTABLE_FOLDER_PATH)/BMI Calculator";
			};
			name = Release;
		};
		823111FF2CD12AFE00F46F89 /* Debug */ = {
			isa = XCBuildConfiguration;
			buildSettings = {
				ALWAYS_EMBED_SWIFT_STANDARD_LIBRARIES = YES;
				CODE_SIGN_STYLE = Automatic;
				CURRENT_PROJECT_VERSION = 1;
				GENERATE_INFOPLIST_FILE = YES;
				MARKETING_VERSION = 1.0;
				PRODUCT_BUNDLE_IDENTIFIER = "nwmsu.BMI-CalculatorUITests";
				PRODUCT_NAME = "$(TARGET_NAME)";
				SWIFT_EMIT_LOC_STRINGS = NO;
				SWIFT_VERSION = 5.0;
				TARGETED_DEVICE_FAMILY = "1,2";
				TEST_TARGET_NAME = "BMI Calculator";
			};
			name = Debug;
		};
		823112002CD12AFE00F46F89 /* Release */ = {
			isa = XCBuildConfiguration;
			buildSettings = {
				ALWAYS_EMBED_SWIFT_STANDARD_LIBRARIES = YES;
				CODE_SIGN_STYLE = Automatic;
				CURRENT_PROJECT_VERSION = 1;
				GENERATE_INFOPLIST_FILE = YES;
				MARKETING_VERSION = 1.0;
				PRODUCT_BUNDLE_IDENTIFIER = "nwmsu.BMI-CalculatorUITests";
				PRODUCT_NAME = "$(TARGET_NAME)";
				SWIFT_EMIT_LOC_STRINGS = NO;
				SWIFT_VERSION = 5.0;
				TARGETED_DEVICE_FAMILY = "1,2";
				TEST_TARGET_NAME = "BMI Calculator";
			};
			name = Release;
		};
/* End XCBuildConfiguration section */

/* Begin XCConfigurationList section */
		823111C92CD12AFD00F46F89 /* Build configuration list for PBXProject "BMI Calculator" */ = {
			isa = XCConfigurationList;
			buildConfigurations = (
				823111F62CD12AFE00F46F89 /* Debug */,
				823111F72CD12AFE00F46F89 /* Release */,
			);
			defaultConfigurationIsVisible = 0;
			defaultConfigurationName = Release;
		};
		823111F82CD12AFE00F46F89 /* Build configuration list for PBXNativeTarget "BMI Calculator" */ = {
			isa = XCConfigurationList;
			buildConfigurations = (
				823111F92CD12AFE00F46F89 /* Debug */,
				823111FA2CD12AFE00F46F89 /* Release */,
			);
			defaultConfigurationIsVisible = 0;
			defaultConfigurationName = Release;
		};
		823111FB2CD12AFE00F46F89 /* Build configuration list for PBXNativeTarget "BMI CalculatorTests" */ = {
			isa = XCConfigurationList;
			buildConfigurations = (
				823111FC2CD12AFE00F46F89 /* Debug */,
				823111FD2CD12AFE00F46F89 /* Release */,
			);
			defaultConfigurationIsVisible = 0;
			defaultConfigurationName = Release;
		};
		823111FE2CD12AFE00F46F89 /* Build configuration list for PBXNativeTarget "BMI CalculatorUITests" */ = {
			isa = XCConfigurationList;
			buildConfigurations = (
				823111FF2CD12AFE00F46F89 /* Debug */,
				823112002CD12AFE00F46F89 /* Release */,
			);
			defaultConfigurationIsVisible = 0;
			defaultConfigurationName = Release;
		};
/* End XCConfigurationList section */
	};
	rootObject = 823111C62CD12AFD00F46F89 /* Project object */;
}
