// !$*UTF8*$!
{
	archiveVersion = 1;
	classes = {
	};
	objectVersion = 56;
	objects = {

/* Begin PBXBuildFile section */
		8263FF842C909A8B006CAE9D /* AppDelegate.swift in Sources */ = {isa = PBXBuildFile; fileRef = 8263FF832C909A8B006CAE9D /* AppDelegate.swift */; };
		8263FF862C909A8B006CAE9D /* SceneDelegate.swift in Sources */ = {isa = PBXBuildFile; fileRef = 8263FF852C909A8B006CAE9D /* SceneDelegate.swift */; };
		8263FF882C909A8B006CAE9D /* ViewController.swift in Sources */ = {isa = PBXBuildFile; fileRef = 8263FF872C909A8B006CAE9D /* ViewController.swift */; };
		8263FF8B2C909A8B006CAE9D /* Base in Resources */ = {isa = PBXBuildFile; fileRef = 8263FF8A2C909A8B006CAE9D /* Base */; };
		8263FF8D2C909A8D006CAE9D /* Assets.xcassets in Resources */ = {isa = PBXBuildFile; fileRef = 8263FF8C2C909A8D006CAE9D /* Assets.xcassets */; };
		8263FF902C909A8D006CAE9D /* Base in Resources */ = {isa = PBXBuildFile; fileRef = 8263FF8F2C909A8D006CAE9D /* Base */; };
		8263FF9B2C909A8D006CAE9D /* DiscountAppTests.swift in Sources */ = {isa = PBXBuildFile; fileRef = 8263FF9A2C909A8D006CAE9D /* DiscountAppTests.swift */; };
		8263FFA52C909A8D006CAE9D /* DiscountAppUITests.swift in Sources */ = {isa = PBXBuildFile; fileRef = 8263FFA42C909A8D006CAE9D /* DiscountAppUITests.swift */; };
		8263FFA72C909A8D006CAE9D /* DiscountAppUITestsLaunchTests.swift in Sources */ = {isa = PBXBuildFile; fileRef = 8263FFA62C909A8D006CAE9D /* DiscountAppUITestsLaunchTests.swift */; };
/* End PBXBuildFile section */

/* Begin PBXContainerItemProxy section */
		8263FF972C909A8D006CAE9D /* PBXContainerItemProxy */ = {
			isa = PBXContainerItemProxy;
			containerPortal = 8263FF782C909A8B006CAE9D /* Project object */;
			proxyType = 1;
			remoteGlobalIDString = 8263FF7F2C909A8B006CAE9D;
			remoteInfo = DiscountApp;
		};
		8263FFA12C909A8D006CAE9D /* PBXContainerItemProxy */ = {
			isa = PBXContainerItemProxy;
			containerPortal = 8263FF782C909A8B006CAE9D /* Project object */;
			proxyType = 1;
			remoteGlobalIDString = 8263FF7F2C909A8B006CAE9D;
			remoteInfo = DiscountApp;
		};
/* End PBXContainerItemProxy section */

/* Begin PBXFileReference section */
		8263FF802C909A8B006CAE9D /* DiscountApp.app */ = {isa = PBXFileReference; explicitFileType = wrapper.application; includeInIndex = 0; path = DiscountApp.app; sourceTree = BUILT_PRODUCTS_DIR; };
		8263FF832C909A8B006CAE9D /* AppDelegate.swift */ = {isa = PBXFileReference; lastKnownFileType = sourcecode.swift; path = AppDelegate.swift; sourceTree = "<group>"; };
		8263FF852C909A8B006CAE9D /* SceneDelegate.swift */ = {isa = PBXFileReference; lastKnownFileType = sourcecode.swift; path = SceneDelegate.swift; sourceTree = "<group>"; };
		8263FF872C909A8B006CAE9D /* ViewController.swift */ = {isa = PBXFileReference; lastKnownFileType = sourcecode.swift; path = ViewController.swift; sourceTree = "<group>"; };
		8263FF8A2C909A8B006CAE9D /* Base */ = {isa = PBXFileReference; lastKnownFileType = file.storyboard; name = Base; path = Base.lproj/Main.storyboard; sourceTree = "<group>"; };
		8263FF8C2C909A8D006CAE9D /* Assets.xcassets */ = {isa = PBXFileReference; lastKnownFileType = folder.assetcatalog; path = Assets.xcassets; sourceTree = "<group>"; };
		8263FF8F2C909A8D006CAE9D /* Base */ = {isa = PBXFileReference; lastKnownFileType = file.storyboard; name = Base; path = Base.lproj/LaunchScreen.storyboard; sourceTree = "<group>"; };
		8263FF912C909A8D006CAE9D /* Info.plist */ = {isa = PBXFileReference; lastKnownFileType = text.plist.xml; path = Info.plist; sourceTree = "<group>"; };
		8263FF962C909A8D006CAE9D /* DiscountAppTests.xctest */ = {isa = PBXFileReference; explicitFileType = wrapper.cfbundle; includeInIndex = 0; path = DiscountAppTests.xctest; sourceTree = BUILT_PRODUCTS_DIR; };
		8263FF9A2C909A8D006CAE9D /* DiscountAppTests.swift */ = {isa = PBXFileReference; lastKnownFileType = sourcecode.swift; path = DiscountAppTests.swift; sourceTree = "<group>"; };
		8263FFA02C909A8D006CAE9D /* DiscountAppUITests.xctest */ = {isa = PBXFileReference; explicitFileType = wrapper.cfbundle; includeInIndex = 0; path = DiscountAppUITests.xctest; sourceTree = BUILT_PRODUCTS_DIR; };
		8263FFA42C909A8D006CAE9D /* DiscountAppUITests.swift */ = {isa = PBXFileReference; lastKnownFileType = sourcecode.swift; path = DiscountAppUITests.swift; sourceTree = "<group>"; };
		8263FFA62C909A8D006CAE9D /* DiscountAppUITestsLaunchTests.swift */ = {isa = PBXFileReference; lastKnownFileType = sourcecode.swift; path = DiscountAppUITestsLaunchTests.swift; sourceTree = "<group>"; };
/* End PBXFileReference section */

/* Begin PBXFrameworksBuildPhase section */
		8263FF7D2C909A8B006CAE9D /* Frameworks */ = {
			isa = PBXFrameworksBuildPhase;
			buildActionMask = 2147483647;
			files = (
			);
			runOnlyForDeploymentPostprocessing = 0;
		};
		8263FF932C909A8D006CAE9D /* Frameworks */ = {
			isa = PBXFrameworksBuildPhase;
			buildActionMask = 2147483647;
			files = (
			);
			runOnlyForDeploymentPostprocessing = 0;
		};
		8263FF9D2C909A8D006CAE9D /* Frameworks */ = {
			isa = PBXFrameworksBuildPhase;
			buildActionMask = 2147483647;
			files = (
			);
			runOnlyForDeploymentPostprocessing = 0;
		};
/* End PBXFrameworksBuildPhase section */

/* Begin PBXGroup section */
		8263FF772C909A8B006CAE9D = {
			isa = PBXGroup;
			children = (
				8263FF822C909A8B006CAE9D /* DiscountApp */,
				8263FF992C909A8D006CAE9D /* DiscountAppTests */,
				8263FFA32C909A8D006CAE9D /* DiscountAppUITests */,
				8263FF812C909A8B006CAE9D /* Products */,
			);
			sourceTree = "<group>";
		};
		8263FF812C909A8B006CAE9D /* Products */ = {
			isa = PBXGroup;
			children = (
				8263FF802C909A8B006CAE9D /* DiscountApp.app */,
				8263FF962C909A8D006CAE9D /* DiscountAppTests.xctest */,
				8263FFA02C909A8D006CAE9D /* DiscountAppUITests.xctest */,
			);
			name = Products;
			sourceTree = "<group>";
		};
		8263FF822C909A8B006CAE9D /* DiscountApp */ = {
			isa = PBXGroup;
			children = (
				8263FF832C909A8B006CAE9D /* AppDelegate.swift */,
				8263FF852C909A8B006CAE9D /* SceneDelegate.swift */,
				8263FF872C909A8B006CAE9D /* ViewController.swift */,
				8263FF892C909A8B006CAE9D /* Main.storyboard */,
				8263FF8C2C909A8D006CAE9D /* Assets.xcassets */,
				8263FF8E2C909A8D006CAE9D /* LaunchScreen.storyboard */,
				8263FF912C909A8D006CAE9D /* Info.plist */,
			);
			path = DiscountApp;
			sourceTree = "<group>";
		};
		8263FF992C909A8D006CAE9D /* DiscountAppTests */ = {
			isa = PBXGroup;
			children = (
				8263FF9A2C909A8D006CAE9D /* DiscountAppTests.swift */,
			);
			path = DiscountAppTests;
			sourceTree = "<group>";
		};
		8263FFA32C909A8D006CAE9D /* DiscountAppUITests */ = {
			isa = PBXGroup;
			children = (
				8263FFA42C909A8D006CAE9D /* DiscountAppUITests.swift */,
				8263FFA62C909A8D006CAE9D /* DiscountAppUITestsLaunchTests.swift */,
			);
			path = DiscountAppUITests;
			sourceTree = "<group>";
		};
/* End PBXGroup section */

/* Begin PBXNativeTarget section */
		8263FF7F2C909A8B006CAE9D /* DiscountApp */ = {
			isa = PBXNativeTarget;
			buildConfigurationList = 8263FFAA2C909A8D006CAE9D /* Build configuration list for PBXNativeTarget "DiscountApp" */;
			buildPhases = (
				8263FF7C2C909A8B006CAE9D /* Sources */,
				8263FF7D2C909A8B006CAE9D /* Frameworks */,
				8263FF7E2C909A8B006CAE9D /* Resources */,
			);
			buildRules = (
			);
			dependencies = (
			);
			name = DiscountApp;
			productName = DiscountApp;
			productReference = 8263FF802C909A8B006CAE9D /* DiscountApp.app */;
			productType = "com.apple.product-type.application";
		};
		8263FF952C909A8D006CAE9D /* DiscountAppTests */ = {
			isa = PBXNativeTarget;
			buildConfigurationList = 8263FFAD2C909A8D006CAE9D /* Build configuration list for PBXNativeTarget "DiscountAppTests" */;
			buildPhases = (
				8263FF922C909A8D006CAE9D /* Sources */,
				8263FF932C909A8D006CAE9D /* Frameworks */,
				8263FF942C909A8D006CAE9D /* Resources */,
			);
			buildRules = (
			);
			dependencies = (
				8263FF982C909A8D006CAE9D /* PBXTargetDependency */,
			);
			name = DiscountAppTests;
			productName = DiscountAppTests;
			productReference = 8263FF962C909A8D006CAE9D /* DiscountAppTests.xctest */;
			productType = "com.apple.product-type.bundle.unit-test";
		};
		8263FF9F2C909A8D006CAE9D /* DiscountAppUITests */ = {
			isa = PBXNativeTarget;
			buildConfigurationList = 8263FFB02C909A8D006CAE9D /* Build configuration list for PBXNativeTarget "DiscountAppUITests" */;
			buildPhases = (
				8263FF9C2C909A8D006CAE9D /* Sources */,
				8263FF9D2C909A8D006CAE9D /* Frameworks */,
				8263FF9E2C909A8D006CAE9D /* Resources */,
			);
			buildRules = (
			);
			dependencies = (
				8263FFA22C909A8D006CAE9D /* PBXTargetDependency */,
			);
			name = DiscountAppUITests;
			productName = DiscountAppUITests;
			productReference = 8263FFA02C909A8D006CAE9D /* DiscountAppUITests.xctest */;
			productType = "com.apple.product-type.bundle.ui-testing";
		};
/* End PBXNativeTarget section */

/* Begin PBXProject section */
		8263FF782C909A8B006CAE9D /* Project object */ = {
			isa = PBXProject;
			attributes = {
				BuildIndependentTargetsInParallel = 1;
				LastSwiftUpdateCheck = 1540;
				LastUpgradeCheck = 1540;
				TargetAttributes = {
					8263FF7F2C909A8B006CAE9D = {
						CreatedOnToolsVersion = 15.4;
					};
					8263FF952C909A8D006CAE9D = {
						CreatedOnToolsVersion = 15.4;
						TestTargetID = 8263FF7F2C909A8B006CAE9D;
					};
					8263FF9F2C909A8D006CAE9D = {
						CreatedOnToolsVersion = 15.4;
						TestTargetID = 8263FF7F2C909A8B006CAE9D;
					};
				};
			};
			buildConfigurationList = 8263FF7B2C909A8B006CAE9D /* Build configuration list for PBXProject "DiscountApp" */;
			compatibilityVersion = "Xcode 14.0";
			developmentRegion = en;
			hasScannedForEncodings = 0;
			knownRegions = (
				en,
				Base,
			);
			mainGroup = 8263FF772C909A8B006CAE9D;
			productRefGroup = 8263FF812C909A8B006CAE9D /* Products */;
			projectDirPath = "";
			projectRoot = "";
			targets = (
				8263FF7F2C909A8B006CAE9D /* DiscountApp */,
				8263FF952C909A8D006CAE9D /* DiscountAppTests */,
				8263FF9F2C909A8D006CAE9D /* DiscountAppUITests */,
			);
		};
/* End PBXProject section */

/* Begin PBXResourcesBuildPhase section */
		8263FF7E2C909A8B006CAE9D /* Resources */ = {
			isa = PBXResourcesBuildPhase;
			buildActionMask = 2147483647;
			files = (
				8263FF8D2C909A8D006CAE9D /* Assets.xcassets in Resources */,
				8263FF902C909A8D006CAE9D /* Base in Resources */,
				8263FF8B2C909A8B006CAE9D /* Base in Resources */,
			);
			runOnlyForDeploymentPostprocessing = 0;
		};
		8263FF942C909A8D006CAE9D /* Resources */ = {
			isa = PBXResourcesBuildPhase;
			buildActionMask = 2147483647;
			files = (
			);
			runOnlyForDeploymentPostprocessing = 0;
		};
		8263FF9E2C909A8D006CAE9D /* Resources */ = {
			isa = PBXResourcesBuildPhase;
			buildActionMask = 2147483647;
			files = (
			);
			runOnlyForDeploymentPostprocessing = 0;
		};
/* End PBXResourcesBuildPhase section */

/* Begin PBXSourcesBuildPhase section */
		8263FF7C2C909A8B006CAE9D /* Sources */ = {
			isa = PBXSourcesBuildPhase;
			buildActionMask = 2147483647;
			files = (
				8263FF882C909A8B006CAE9D /* ViewController.swift in Sources */,
				8263FF842C909A8B006CAE9D /* AppDelegate.swift in Sources */,
				8263FF862C909A8B006CAE9D /* SceneDelegate.swift in Sources */,
			);
			runOnlyForDeploymentPostprocessing = 0;
		};
		8263FF922C909A8D006CAE9D /* Sources */ = {
			isa = PBXSourcesBuildPhase;
			buildActionMask = 2147483647;
			files = (
				8263FF9B2C909A8D006CAE9D /* DiscountAppTests.swift in Sources */,
			);
			runOnlyForDeploymentPostprocessing = 0;
		};
		8263FF9C2C909A8D006CAE9D /* Sources */ = {
			isa = PBXSourcesBuildPhase;
			buildActionMask = 2147483647;
			files = (
				8263FFA52C909A8D006CAE9D /* DiscountAppUITests.swift in Sources */,
				8263FFA72C909A8D006CAE9D /* DiscountAppUITestsLaunchTests.swift in Sources */,
			);
			runOnlyForDeploymentPostprocessing = 0;
		};
/* End PBXSourcesBuildPhase section */

/* Begin PBXTargetDependency section */
		8263FF982C909A8D006CAE9D /* PBXTargetDependency */ = {
			isa = PBXTargetDependency;
			target = 8263FF7F2C909A8B006CAE9D /* DiscountApp */;
			targetProxy = 8263FF972C909A8D006CAE9D /* PBXContainerItemProxy */;
		};
		8263FFA22C909A8D006CAE9D /* PBXTargetDependency */ = {
			isa = PBXTargetDependency;
			target = 8263FF7F2C909A8B006CAE9D /* DiscountApp */;
			targetProxy = 8263FFA12C909A8D006CAE9D /* PBXContainerItemProxy */;
		};
/* End PBXTargetDependency section */

/* Begin PBXVariantGroup section */
		8263FF892C909A8B006CAE9D /* Main.storyboard */ = {
			isa = PBXVariantGroup;
			children = (
				8263FF8A2C909A8B006CAE9D /* Base */,
			);
			name = Main.storyboard;
			sourceTree = "<group>";
		};
		8263FF8E2C909A8D006CAE9D /* LaunchScreen.storyboard */ = {
			isa = PBXVariantGroup;
			children = (
				8263FF8F2C909A8D006CAE9D /* Base */,
			);
			name = LaunchScreen.storyboard;
			sourceTree = "<group>";
		};
/* End PBXVariantGroup section */

/* Begin XCBuildConfiguration section */
		8263FFA82C909A8D006CAE9D /* Debug */ = {
			isa = XCBuildConfiguration;
			buildSettings = {
				ALWAYS_SEARCH_USER_PATHS = NO;
				ASSETCATALOG_COMPILER_GENERATE_SWIFT_ASSET_SYMBOL_EXTENSIONS = YES;
				CLANG_ANALYZER_NONNULL = YES;
				CLANG_ANALYZER_NUMBER_OBJECT_CONVERSION = YES_AGGRESSIVE;
				CLANG_CXX_LANGUAGE_STANDARD = "gnu++20";
				CLANG_ENABLE_MODULES = YES;
				CLANG_ENABLE_OBJC_ARC = YES;
				CLANG_ENABLE_OBJC_WEAK = YES;
				CLANG_WARN_BLOCK_CAPTURE_AUTORELEASING = YES;
				CLANG_WARN_BOOL_CONVERSION = YES;
				CLANG_WARN_COMMA = YES;
				CLANG_WARN_CONSTANT_CONVERSION = YES;
				CLANG_WARN_DEPRECATED_OBJC_IMPLEMENTATIONS = YES;
				CLANG_WARN_DIRECT_OBJC_ISA_USAGE = YES_ERROR;
				CLANG_WARN_DOCUMENTATION_COMMENTS = YES;
				CLANG_WARN_EMPTY_BODY = YES;
				CLANG_WARN_ENUM_CONVERSION = YES;
				CLANG_WARN_INFINITE_RECURSION = YES;
				CLANG_WARN_INT_CONVERSION = YES;
				CLANG_WARN_NON_LITERAL_NULL_CONVERSION = YES;
				CLANG_WARN_OBJC_IMPLICIT_RETAIN_SELF = YES;
				CLANG_WARN_OBJC_LITERAL_CONVERSION = YES;
				CLANG_WARN_OBJC_ROOT_CLASS = YES_ERROR;
				CLANG_WARN_QUOTED_INCLUDE_IN_FRAMEWORK_HEADER = YES;
				CLANG_WARN_RANGE_LOOP_ANALYSIS = YES;
				CLANG_WARN_STRICT_PROTOTYPES = YES;
				CLANG_WARN_SUSPICIOUS_MOVE = YES;
				CLANG_WARN_UNGUARDED_AVAILABILITY = YES_AGGRESSIVE;
				CLANG_WARN_UNREACHABLE_CODE = YES;
				CLANG_WARN__DUPLICATE_METHOD_MATCH = YES;
				COPY_PHASE_STRIP = NO;
				DEBUG_INFORMATION_FORMAT = dwarf;
				ENABLE_STRICT_OBJC_MSGSEND = YES;
				ENABLE_TESTABILITY = YES;
				ENABLE_USER_SCRIPT_SANDBOXING = YES;
				GCC_C_LANGUAGE_STANDARD = gnu17;
				GCC_DYNAMIC_NO_PIC = NO;
				GCC_NO_COMMON_BLOCKS = YES;
				GCC_OPTIMIZATION_LEVEL = 0;
				GCC_PREPROCESSOR_DEFINITIONS = (
					"DEBUG=1",
					"$(inherited)",
				);
				GCC_WARN_64_TO_32_BIT_CONVERSION = YES;
				GCC_WARN_ABOUT_RETURN_TYPE = YES_ERROR;
				GCC_WARN_UNDECLARED_SELECTOR = YES;
				GCC_WARN_UNINITIALIZED_AUTOS = YES_AGGRESSIVE;
				GCC_WARN_UNUSED_FUNCTION = YES;
				GCC_WARN_UNUSED_VARIABLE = YES;
				IPHONEOS_DEPLOYMENT_TARGET = 17.5;
				LOCALIZATION_PREFERS_STRING_CATALOGS = YES;
				MTL_ENABLE_DEBUG_INFO = INCLUDE_SOURCE;
				MTL_FAST_MATH = YES;
				ONLY_ACTIVE_ARCH = YES;
				SDKROOT = iphoneos;
				SWIFT_ACTIVE_COMPILATION_CONDITIONS = "DEBUG $(inherited)";
				SWIFT_OPTIMIZATION_LEVEL = "-Onone";
			};
			name = Debug;
		};
		8263FFA92C909A8D006CAE9D /* Release */ = {
			isa = XCBuildConfiguration;
			buildSettings = {
				ALWAYS_SEARCH_USER_PATHS = NO;
				ASSETCATALOG_COMPILER_GENERATE_SWIFT_ASSET_SYMBOL_EXTENSIONS = YES;
				CLANG_ANALYZER_NONNULL = YES;
				CLANG_ANALYZER_NUMBER_OBJECT_CONVERSION = YES_AGGRESSIVE;
				CLANG_CXX_LANGUAGE_STANDARD = "gnu++20";
				CLANG_ENABLE_MODULES = YES;
				CLANG_ENABLE_OBJC_ARC = YES;
				CLANG_ENABLE_OBJC_WEAK = YES;
				CLANG_WARN_BLOCK_CAPTURE_AUTORELEASING = YES;
				CLANG_WARN_BOOL_CONVERSION = YES;
				CLANG_WARN_COMMA = YES;
				CLANG_WARN_CONSTANT_CONVERSION = YES;
				CLANG_WARN_DEPRECATED_OBJC_IMPLEMENTATIONS = YES;
				CLANG_WARN_DIRECT_OBJC_ISA_USAGE = YES_ERROR;
				CLANG_WARN_DOCUMENTATION_COMMENTS = YES;
				CLANG_WARN_EMPTY_BODY = YES;
				CLANG_WARN_ENUM_CONVERSION = YES;
				CLANG_WARN_INFINITE_RECURSION = YES;
				CLANG_WARN_INT_CONVERSION = YES;
				CLANG_WARN_NON_LITERAL_NULL_CONVERSION = YES;
				CLANG_WARN_OBJC_IMPLICIT_RETAIN_SELF = YES;
				CLANG_WARN_OBJC_LITERAL_CONVERSION = YES;
				CLANG_WARN_OBJC_ROOT_CLASS = YES_ERROR;
				CLANG_WARN_QUOTED_INCLUDE_IN_FRAMEWORK_HEADER = YES;
				CLANG_WARN_RANGE_LOOP_ANALYSIS = YES;
				CLANG_WARN_STRICT_PROTOTYPES = YES;
				CLANG_WARN_SUSPICIOUS_MOVE = YES;
				CLANG_WARN_UNGUARDED_AVAILABILITY = YES_AGGRESSIVE;
				CLANG_WARN_UNREACHABLE_CODE = YES;
				CLANG_WARN__DUPLICATE_METHOD_MATCH = YES;
				COPY_PHASE_STRIP = NO;
				DEBUG_INFORMATION_FORMAT = "dwarf-with-dsym";
				ENABLE_NS_ASSERTIONS = NO;
				ENABLE_STRICT_OBJC_MSGSEND = YES;
				ENABLE_USER_SCRIPT_SANDBOXING = YES;
				GCC_C_LANGUAGE_STANDARD = gnu17;
				GCC_NO_COMMON_BLOCKS = YES;
				GCC_WARN_64_TO_32_BIT_CONVERSION = YES;
				GCC_WARN_ABOUT_RETURN_TYPE = YES_ERROR;
				GCC_WARN_UNDECLARED_SELECTOR = YES;
				GCC_WARN_UNINITIALIZED_AUTOS = YES_AGGRESSIVE;
				GCC_WARN_UNUSED_FUNCTION = YES;
				GCC_WARN_UNUSED_VARIABLE = YES;
				IPHONEOS_DEPLOYMENT_TARGET = 17.5;
				LOCALIZATION_PREFERS_STRING_CATALOGS = YES;
				MTL_ENABLE_DEBUG_INFO = NO;
				MTL_FAST_MATH = YES;
				SDKROOT = iphoneos;
				SWIFT_COMPILATION_MODE = wholemodule;
				VALIDATE_PRODUCT = YES;
			};
			name = Release;
		};
		8263FFAB2C909A8D006CAE9D /* Debug */ = {
			isa = XCBuildConfiguration;
			buildSettings = {
				ASSETCATALOG_COMPILER_APPICON_NAME = AppIcon;
				ASSETCATALOG_COMPILER_GLOBAL_ACCENT_COLOR_NAME = AccentColor;
				CODE_SIGN_STYLE = Automatic;
				CURRENT_PROJECT_VERSION = 1;
				GENERATE_INFOPLIST_FILE = YES;
				INFOPLIST_FILE = DiscountApp/Info.plist;
				INFOPLIST_KEY_CFBundleDisplayName = DiscountApp;
				INFOPLIST_KEY_UIApplicationSupportsIndirectInputEvents = YES;
				INFOPLIST_KEY_UILaunchStoryboardName = LaunchScreen;
				INFOPLIST_KEY_UIMainStoryboardFile = Main;
				INFOPLIST_KEY_UISupportedInterfaceOrientations_iPad = "UIInterfaceOrientationPortrait UIInterfaceOrientationPortraitUpsideDown UIInterfaceOrientationLandscapeLeft UIInterfaceOrientationLandscapeRight";
				INFOPLIST_KEY_UISupportedInterfaceOrientations_iPhone = "UIInterfaceOrientationPortrait UIInterfaceOrientationLandscapeLeft UIInterfaceOrientationLandscapeRight";
				IPHONEOS_DEPLOYMENT_TARGET = 15.0;
				LD_RUNPATH_SEARCH_PATHS = (
					"$(inherited)",
					"@executable_path/Frameworks",
				);
				MARKETING_VERSION = 1.0;
				PRODUCT_BUNDLE_IDENTIFIER = S568995.ios.DiscountApp;
				PRODUCT_NAME = "$(TARGET_NAME)";
				SWIFT_EMIT_LOC_STRINGS = YES;
				SWIFT_VERSION = 5.0;
				TARGETED_DEVICE_FAMILY = "1,2";
			};
			name = Debug;
		};
		8263FFAC2C909A8D006CAE9D /* Release */ = {
			isa = XCBuildConfiguration;
			buildSettings = {
				ASSETCATALOG_COMPILER_APPICON_NAME = AppIcon;
				ASSETCATALOG_COMPILER_GLOBAL_ACCENT_COLOR_NAME = AccentColor;
				CODE_SIGN_STYLE = Automatic;
				CURRENT_PROJECT_VERSION = 1;
				GENERATE_INFOPLIST_FILE = YES;
				INFOPLIST_FILE = DiscountApp/Info.plist;
				INFOPLIST_KEY_CFBundleDisplayName = DiscountApp;
				INFOPLIST_KEY_UIApplicationSupportsIndirectInputEvents = YES;
				INFOPLIST_KEY_UILaunchStoryboardName = LaunchScreen;
				INFOPLIST_KEY_UIMainStoryboardFile = Main;
				INFOPLIST_KEY_UISupportedInterfaceOrientations_iPad = "UIInterfaceOrientationPortrait UIInterfaceOrientationPortraitUpsideDown UIInterfaceOrientationLandscapeLeft UIInterfaceOrientationLandscapeRight";
				INFOPLIST_KEY_UISupportedInterfaceOrientations_iPhone = "UIInterfaceOrientationPortrait UIInterfaceOrientationLandscapeLeft UIInterfaceOrientationLandscapeRight";
				IPHONEOS_DEPLOYMENT_TARGET = 15.0;
				LD_RUNPATH_SEARCH_PATHS = (
					"$(inherited)",
					"@executable_path/Frameworks",
				);
				MARKETING_VERSION = 1.0;
				PRODUCT_BUNDLE_IDENTIFIER = S568995.ios.DiscountApp;
				PRODUCT_NAME = "$(TARGET_NAME)";
				SWIFT_EMIT_LOC_STRINGS = YES;
				SWIFT_VERSION = 5.0;
				TARGETED_DEVICE_FAMILY = "1,2";
			};
			name = Release;
		};
		8263FFAE2C909A8D006CAE9D /* Debug */ = {
			isa = XCBuildConfiguration;
			buildSettings = {
				ALWAYS_EMBED_SWIFT_STANDARD_LIBRARIES = YES;
				BUNDLE_LOADER = "$(TEST_HOST)";
				CODE_SIGN_STYLE = Automatic;
				CURRENT_PROJECT_VERSION = 1;
				GENERATE_INFOPLIST_FILE = YES;
				IPHONEOS_DEPLOYMENT_TARGET = 17.5;
				MARKETING_VERSION = 1.0;
				PRODUCT_BUNDLE_IDENTIFIER = S568995.ios.DiscountAppTests;
				PRODUCT_NAME = "$(TARGET_NAME)";
				SWIFT_EMIT_LOC_STRINGS = NO;
				SWIFT_VERSION = 5.0;
				TARGETED_DEVICE_FAMILY = "1,2";
				TEST_HOST = "$(BUILT_PRODUCTS_DIR)/DiscountApp.app/$(BUNDLE_EXECUTABLE_FOLDER_PATH)/DiscountApp";
			};
			name = Debug;
		};
		8263FFAF2C909A8D006CAE9D /* Release */ = {
			isa = XCBuildConfiguration;
			buildSettings = {
				ALWAYS_EMBED_SWIFT_STANDARD_LIBRARIES = YES;
				BUNDLE_LOADER = "$(TEST_HOST)";
				CODE_SIGN_STYLE = Automatic;
				CURRENT_PROJECT_VERSION = 1;
				GENERATE_INFOPLIST_FILE = YES;
				IPHONEOS_DEPLOYMENT_TARGET = 17.5;
				MARKETING_VERSION = 1.0;
				PRODUCT_BUNDLE_IDENTIFIER = S568995.ios.DiscountAppTests;
				PRODUCT_NAME = "$(TARGET_NAME)";
				SWIFT_EMIT_LOC_STRINGS = NO;
				SWIFT_VERSION = 5.0;
				TARGETED_DEVICE_FAMILY = "1,2";
				TEST_HOST = "$(BUILT_PRODUCTS_DIR)/DiscountApp.app/$(BUNDLE_EXECUTABLE_FOLDER_PATH)/DiscountApp";
			};
			name = Release;
		};
		8263FFB12C909A8D006CAE9D /* Debug */ = {
			isa = XCBuildConfiguration;
			buildSettings = {
				ALWAYS_EMBED_SWIFT_STANDARD_LIBRARIES = YES;
				CODE_SIGN_STYLE = Automatic;
				CURRENT_PROJECT_VERSION = 1;
				GENERATE_INFOPLIST_FILE = YES;
				MARKETING_VERSION = 1.0;
				PRODUCT_BUNDLE_IDENTIFIER = S568995.ios.DiscountAppUITests;
				PRODUCT_NAME = "$(TARGET_NAME)";
				SWIFT_EMIT_LOC_STRINGS = NO;
				SWIFT_VERSION = 5.0;
				TARGETED_DEVICE_FAMILY = "1,2";
				TEST_TARGET_NAME = DiscountApp;
			};
			name = Debug;
		};
		8263FFB22C909A8D006CAE9D /* Release */ = {
			isa = XCBuildConfiguration;
			buildSettings = {
				ALWAYS_EMBED_SWIFT_STANDARD_LIBRARIES = YES;
				CODE_SIGN_STYLE = Automatic;
				CURRENT_PROJECT_VERSION = 1;
				GENERATE_INFOPLIST_FILE = YES;
				MARKETING_VERSION = 1.0;
				PRODUCT_BUNDLE_IDENTIFIER = S568995.ios.DiscountAppUITests;
				PRODUCT_NAME = "$(TARGET_NAME)";
				SWIFT_EMIT_LOC_STRINGS = NO;
				SWIFT_VERSION = 5.0;
				TARGETED_DEVICE_FAMILY = "1,2";
				TEST_TARGET_NAME = DiscountApp;
			};
			name = Release;
		};
/* End XCBuildConfiguration section */

/* Begin XCConfigurationList section */
		8263FF7B2C909A8B006CAE9D /* Build configuration list for PBXProject "DiscountApp" */ = {
			isa = XCConfigurationList;
			buildConfigurations = (
				8263FFA82C909A8D006CAE9D /* Debug */,
				8263FFA92C909A8D006CAE9D /* Release */,
			);
			defaultConfigurationIsVisible = 0;
			defaultConfigurationName = Release;
		};
		8263FFAA2C909A8D006CAE9D /* Build configuration list for PBXNativeTarget "DiscountApp" */ = {
			isa = XCConfigurationList;
			buildConfigurations = (
				8263FFAB2C909A8D006CAE9D /* Debug */,
				8263FFAC2C909A8D006CAE9D /* Release */,
			);
			defaultConfigurationIsVisible = 0;
			defaultConfigurationName = Release;
		};
		8263FFAD2C909A8D006CAE9D /* Build configuration list for PBXNativeTarget "DiscountAppTests" */ = {
			isa = XCConfigurationList;
			buildConfigurations = (
				8263FFAE2C909A8D006CAE9D /* Debug */,
				8263FFAF2C909A8D006CAE9D /* Release */,
			);
			defaultConfigurationIsVisible = 0;
			defaultConfigurationName = Release;
		};
		8263FFB02C909A8D006CAE9D /* Build configuration list for PBXNativeTarget "DiscountAppUITests" */ = {
			isa = XCConfigurationList;
			buildConfigurations = (
				8263FFB12C909A8D006CAE9D /* Debug */,
				8263FFB22C909A8D006CAE9D /* Release */,
			);
			defaultConfigurationIsVisible = 0;
			defaultConfigurationName = Release;
		};
/* End XCConfigurationList section */
	};
	rootObject = 8263FF782C909A8B006CAE9D /* Project object */;
}
