// !$*UTF8*$!
{
	archiveVersion = 1;
	classes = {
	};
	objectVersion = 56;
	objects = {

/* Begin PBXBuildFile section */
		82C9486F2C93348A006D1C24 /* AppDelegate.swift in Sources */ = {isa = PBXBuildFile; fileRef = 82C9486E2C93348A006D1C24 /* AppDelegate.swift */; };
		82C948712C93348A006D1C24 /* SceneDelegate.swift in Sources */ = {isa = PBXBuildFile; fileRef = 82C948702C93348A006D1C24 /* SceneDelegate.swift */; };
		82C948732C93348A006D1C24 /* ViewController.swift in Sources */ = {isa = PBXBuildFile; fileRef = 82C948722C93348A006D1C24 /* ViewController.swift */; };
		82C948762C93348A006D1C24 /* Base in Resources */ = {isa = PBXBuildFile; fileRef = 82C948752C93348A006D1C24 /* Base */; };
		82C948782C93348A006D1C24 /* Assets.xcassets in Resources */ = {isa = PBXBuildFile; fileRef = 82C948772C93348A006D1C24 /* Assets.xcassets */; };
		82C9487B2C93348A006D1C24 /* Base in Resources */ = {isa = PBXBuildFile; fileRef = 82C9487A2C93348A006D1C24 /* Base */; };
		82C948862C93348A006D1C24 /* ImageViewDemoTests.swift in Sources */ = {isa = PBXBuildFile; fileRef = 82C948852C93348A006D1C24 /* ImageViewDemoTests.swift */; };
		82C948902C93348A006D1C24 /* ImageViewDemoUITests.swift in Sources */ = {isa = PBXBuildFile; fileRef = 82C9488F2C93348A006D1C24 /* ImageViewDemoUITests.swift */; };
		82C948922C93348A006D1C24 /* ImageViewDemoUITestsLaunchTests.swift in Sources */ = {isa = PBXBuildFile; fileRef = 82C948912C93348A006D1C24 /* ImageViewDemoUITestsLaunchTests.swift */; };
/* End PBXBuildFile section */

/* Begin PBXContainerItemProxy section */
		82C948822C93348A006D1C24 /* PBXContainerItemProxy */ = {
			isa = PBXContainerItemProxy;
			containerPortal = 82C948632C933489006D1C24 /* Project object */;
			proxyType = 1;
			remoteGlobalIDString = 82C9486A2C93348A006D1C24;
			remoteInfo = ImageViewDemo;
		};
		82C9488C2C93348A006D1C24 /* PBXContainerItemProxy */ = {
			isa = PBXContainerItemProxy;
			containerPortal = 82C948632C933489006D1C24 /* Project object */;
			proxyType = 1;
			remoteGlobalIDString = 82C9486A2C93348A006D1C24;
			remoteInfo = ImageViewDemo;
		};
/* End PBXContainerItemProxy section */

/* Begin PBXFileReference section */
		82C9486B2C93348A006D1C24 /* ImageViewDemo.app */ = {isa = PBXFileReference; explicitFileType = wrapper.application; includeInIndex = 0; path = ImageViewDemo.app; sourceTree = BUILT_PRODUCTS_DIR; };
		82C9486E2C93348A006D1C24 /* AppDelegate.swift */ = {isa = PBXFileReference; lastKnownFileType = sourcecode.swift; path = AppDelegate.swift; sourceTree = "<group>"; };
		82C948702C93348A006D1C24 /* SceneDelegate.swift */ = {isa = PBXFileReference; lastKnownFileType = sourcecode.swift; path = SceneDelegate.swift; sourceTree = "<group>"; };
		82C948722C93348A006D1C24 /* ViewController.swift */ = {isa = PBXFileReference; lastKnownFileType = sourcecode.swift; path = ViewController.swift; sourceTree = "<group>"; };
		82C948752C93348A006D1C24 /* Base */ = {isa = PBXFileReference; lastKnownFileType = file.storyboard; name = Base; path = Base.lproj/Main.storyboard; sourceTree = "<group>"; };
		82C948772C93348A006D1C24 /* Assets.xcassets */ = {isa = PBXFileReference; lastKnownFileType = folder.assetcatalog; path = Assets.xcassets; sourceTree = "<group>"; };
		82C9487A2C93348A006D1C24 /* Base */ = {isa = PBXFileReference; lastKnownFileType = file.storyboard; name = Base; path = Base.lproj/LaunchScreen.storyboard; sourceTree = "<group>"; };
		82C9487C2C93348A006D1C24 /* Info.plist */ = {isa = PBXFileReference; lastKnownFileType = text.plist.xml; path = Info.plist; sourceTree = "<group>"; };
		82C948812C93348A006D1C24 /* ImageViewDemoTests.xctest */ = {isa = PBXFileReference; explicitFileType = wrapper.cfbundle; includeInIndex = 0; path = ImageViewDemoTests.xctest; sourceTree = BUILT_PRODUCTS_DIR; };
		82C948852C93348A006D1C24 /* ImageViewDemoTests.swift */ = {isa = PBXFileReference; lastKnownFileType = sourcecode.swift; path = ImageViewDemoTests.swift; sourceTree = "<group>"; };
		82C9488B2C93348A006D1C24 /* ImageViewDemoUITests.xctest */ = {isa = PBXFileReference; explicitFileType = wrapper.cfbundle; includeInIndex = 0; path = ImageViewDemoUITests.xctest; sourceTree = BUILT_PRODUCTS_DIR; };
		82C9488F2C93348A006D1C24 /* ImageViewDemoUITests.swift */ = {isa = PBXFileReference; lastKnownFileType = sourcecode.swift; path = ImageViewDemoUITests.swift; sourceTree = "<group>"; };
		82C948912C93348A006D1C24 /* ImageViewDemoUITestsLaunchTests.swift */ = {isa = PBXFileReference; lastKnownFileType = sourcecode.swift; path = ImageViewDemoUITestsLaunchTests.swift; sourceTree = "<group>"; };
/* End PBXFileReference section */

/* Begin PBXFrameworksBuildPhase section */
		82C948682C93348A006D1C24 /* Frameworks */ = {
			isa = PBXFrameworksBuildPhase;
			buildActionMask = 2147483647;
			files = (
			);
			runOnlyForDeploymentPostprocessing = 0;
		};
		82C9487E2C93348A006D1C24 /* Frameworks */ = {
			isa = PBXFrameworksBuildPhase;
			buildActionMask = 2147483647;
			files = (
			);
			runOnlyForDeploymentPostprocessing = 0;
		};
		82C948882C93348A006D1C24 /* Frameworks */ = {
			isa = PBXFrameworksBuildPhase;
			buildActionMask = 2147483647;
			files = (
			);
			runOnlyForDeploymentPostprocessing = 0;
		};
/* End PBXFrameworksBuildPhase section */

/* Begin PBXGroup section */
		82C948622C933489006D1C24 = {
			isa = PBXGroup;
			children = (
				82C9486D2C93348A006D1C24 /* ImageViewDemo */,
				82C948842C93348A006D1C24 /* ImageViewDemoTests */,
				82C9488E2C93348A006D1C24 /* ImageViewDemoUITests */,
				82C9486C2C93348A006D1C24 /* Products */,
			);
			sourceTree = "<group>";
		};
		82C9486C2C93348A006D1C24 /* Products */ = {
			isa = PBXGroup;
			children = (
				82C9486B2C93348A006D1C24 /* ImageViewDemo.app */,
				82C948812C93348A006D1C24 /* ImageViewDemoTests.xctest */,
				82C9488B2C93348A006D1C24 /* ImageViewDemoUITests.xctest */,
			);
			name = Products;
			sourceTree = "<group>";
		};
		82C9486D2C93348A006D1C24 /* ImageViewDemo */ = {
			isa = PBXGroup;
			children = (
				82C9486E2C93348A006D1C24 /* AppDelegate.swift */,
				82C948702C93348A006D1C24 /* SceneDelegate.swift */,
				82C948722C93348A006D1C24 /* ViewController.swift */,
				82C948742C93348A006D1C24 /* Main.storyboard */,
				82C948772C93348A006D1C24 /* Assets.xcassets */,
				82C948792C93348A006D1C24 /* LaunchScreen.storyboard */,
				82C9487C2C93348A006D1C24 /* Info.plist */,
			);
			path = ImageViewDemo;
			sourceTree = "<group>";
		};
		82C948842C93348A006D1C24 /* ImageViewDemoTests */ = {
			isa = PBXGroup;
			children = (
				82C948852C93348A006D1C24 /* ImageViewDemoTests.swift */,
			);
			path = ImageViewDemoTests;
			sourceTree = "<group>";
		};
		82C9488E2C93348A006D1C24 /* ImageViewDemoUITests */ = {
			isa = PBXGroup;
			children = (
				82C9488F2C93348A006D1C24 /* ImageViewDemoUITests.swift */,
				82C948912C93348A006D1C24 /* ImageViewDemoUITestsLaunchTests.swift */,
			);
			path = ImageViewDemoUITests;
			sourceTree = "<group>";
		};
/* End PBXGroup section */

/* Begin PBXNativeTarget section */
		82C9486A2C93348A006D1C24 /* ImageViewDemo */ = {
			isa = PBXNativeTarget;
			buildConfigurationList = 82C948952C93348A006D1C24 /* Build configuration list for PBXNativeTarget "ImageViewDemo" */;
			buildPhases = (
				82C948672C93348A006D1C24 /* Sources */,
				82C948682C93348A006D1C24 /* Frameworks */,
				82C948692C93348A006D1C24 /* Resources */,
			);
			buildRules = (
			);
			dependencies = (
			);
			name = ImageViewDemo;
			productName = ImageViewDemo;
			productReference = 82C9486B2C93348A006D1C24 /* ImageViewDemo.app */;
			productType = "com.apple.product-type.application";
		};
		82C948802C93348A006D1C24 /* ImageViewDemoTests */ = {
			isa = PBXNativeTarget;
			buildConfigurationList = 82C948982C93348A006D1C24 /* Build configuration list for PBXNativeTarget "ImageViewDemoTests" */;
			buildPhases = (
				82C9487D2C93348A006D1C24 /* Sources */,
				82C9487E2C93348A006D1C24 /* Frameworks */,
				82C9487F2C93348A006D1C24 /* Resources */,
			);
			buildRules = (
			);
			dependencies = (
				82C948832C93348A006D1C24 /* PBXTargetDependency */,
			);
			name = ImageViewDemoTests;
			productName = ImageViewDemoTests;
			productReference = 82C948812C93348A006D1C24 /* ImageViewDemoTests.xctest */;
			productType = "com.apple.product-type.bundle.unit-test";
		};
		82C9488A2C93348A006D1C24 /* ImageViewDemoUITests */ = {
			isa = PBXNativeTarget;
			buildConfigurationList = 82C9489B2C93348A006D1C24 /* Build configuration list for PBXNativeTarget "ImageViewDemoUITests" */;
			buildPhases = (
				82C948872C93348A006D1C24 /* Sources */,
				82C948882C93348A006D1C24 /* Frameworks */,
				82C948892C93348A006D1C24 /* Resources */,
			);
			buildRules = (
			);
			dependencies = (
				82C9488D2C93348A006D1C24 /* PBXTargetDependency */,
			);
			name = ImageViewDemoUITests;
			productName = ImageViewDemoUITests;
			productReference = 82C9488B2C93348A006D1C24 /* ImageViewDemoUITests.xctest */;
			productType = "com.apple.product-type.bundle.ui-testing";
		};
/* End PBXNativeTarget section */

/* Begin PBXProject section */
		82C948632C933489006D1C24 /* Project object */ = {
			isa = PBXProject;
			attributes = {
				BuildIndependentTargetsInParallel = 1;
				LastSwiftUpdateCheck = 1540;
				LastUpgradeCheck = 1540;
				TargetAttributes = {
					82C9486A2C93348A006D1C24 = {
						CreatedOnToolsVersion = 15.4;
					};
					82C948802C93348A006D1C24 = {
						CreatedOnToolsVersion = 15.4;
						TestTargetID = 82C9486A2C93348A006D1C24;
					};
					82C9488A2C93348A006D1C24 = {
						CreatedOnToolsVersion = 15.4;
						TestTargetID = 82C9486A2C93348A006D1C24;
					};
				};
			};
			buildConfigurationList = 82C948662C93348A006D1C24 /* Build configuration list for PBXProject "ImageViewDemo" */;
			compatibilityVersion = "Xcode 14.0";
			developmentRegion = en;
			hasScannedForEncodings = 0;
			knownRegions = (
				en,
				Base,
			);
			mainGroup = 82C948622C933489006D1C24;
			productRefGroup = 82C9486C2C93348A006D1C24 /* Products */;
			projectDirPath = "";
			projectRoot = "";
			targets = (
				82C9486A2C93348A006D1C24 /* ImageViewDemo */,
				82C948802C93348A006D1C24 /* ImageViewDemoTests */,
				82C9488A2C93348A006D1C24 /* ImageViewDemoUITests */,
			);
		};
/* End PBXProject section */

/* Begin PBXResourcesBuildPhase section */
		82C948692C93348A006D1C24 /* Resources */ = {
			isa = PBXResourcesBuildPhase;
			buildActionMask = 2147483647;
			files = (
				82C948782C93348A006D1C24 /* Assets.xcassets in Resources */,
				82C9487B2C93348A006D1C24 /* Base in Resources */,
				82C948762C93348A006D1C24 /* Base in Resources */,
			);
			runOnlyForDeploymentPostprocessing = 0;
		};
		82C9487F2C93348A006D1C24 /* Resources */ = {
			isa = PBXResourcesBuildPhase;
			buildActionMask = 2147483647;
			files = (
			);
			runOnlyForDeploymentPostprocessing = 0;
		};
		82C948892C93348A006D1C24 /* Resources */ = {
			isa = PBXResourcesBuildPhase;
			buildActionMask = 2147483647;
			files = (
			);
			runOnlyForDeploymentPostprocessing = 0;
		};
/* End PBXResourcesBuildPhase section */

/* Begin PBXSourcesBuildPhase section */
		82C948672C93348A006D1C24 /* Sources */ = {
			isa = PBXSourcesBuildPhase;
			buildActionMask = 2147483647;
			files = (
				82C948732C93348A006D1C24 /* ViewController.swift in Sources */,
				82C9486F2C93348A006D1C24 /* AppDelegate.swift in Sources */,
				82C948712C93348A006D1C24 /* SceneDelegate.swift in Sources */,
			);
			runOnlyForDeploymentPostprocessing = 0;
		};
		82C9487D2C93348A006D1C24 /* Sources */ = {
			isa = PBXSourcesBuildPhase;
			buildActionMask = 2147483647;
			files = (
				82C948862C93348A006D1C24 /* ImageViewDemoTests.swift in Sources */,
			);
			runOnlyForDeploymentPostprocessing = 0;
		};
		82C948872C93348A006D1C24 /* Sources */ = {
			isa = PBXSourcesBuildPhase;
			buildActionMask = 2147483647;
			files = (
				82C948922C93348A006D1C24 /* ImageViewDemoUITestsLaunchTests.swift in Sources */,
				82C948902C93348A006D1C24 /* ImageViewDemoUITests.swift in Sources */,
			);
			runOnlyForDeploymentPostprocessing = 0;
		};
/* End PBXSourcesBuildPhase section */

/* Begin PBXTargetDependency section */
		82C948832C93348A006D1C24 /* PBXTargetDependency */ = {
			isa = PBXTargetDependency;
			target = 82C9486A2C93348A006D1C24 /* ImageViewDemo */;
			targetProxy = 82C948822C93348A006D1C24 /* PBXContainerItemProxy */;
		};
		82C9488D2C93348A006D1C24 /* PBXTargetDependency */ = {
			isa = PBXTargetDependency;
			target = 82C9486A2C93348A006D1C24 /* ImageViewDemo */;
			targetProxy = 82C9488C2C93348A006D1C24 /* PBXContainerItemProxy */;
		};
/* End PBXTargetDependency section */

/* Begin PBXVariantGroup section */
		82C948742C93348A006D1C24 /* Main.storyboard */ = {
			isa = PBXVariantGroup;
			children = (
				82C948752C93348A006D1C24 /* Base */,
			);
			name = Main.storyboard;
			sourceTree = "<group>";
		};
		82C948792C93348A006D1C24 /* LaunchScreen.storyboard */ = {
			isa = PBXVariantGroup;
			children = (
				82C9487A2C93348A006D1C24 /* Base */,
			);
			name = LaunchScreen.storyboard;
			sourceTree = "<group>";
		};
/* End PBXVariantGroup section */

/* Begin XCBuildConfiguration section */
		82C948932C93348A006D1C24 /* Debug */ = {
			isa = XCBuildConfiguration;
			buildSettings = {
				ALWAYS_SEARCH_USER_PATHS = NO;
				ASSETCATALOG_COMPILER_GENERATE_SWIFT_ASSET_SYMBOL_EXTENSIONS = YES;
				CLANG_ANALYZER_NONNULL = YES;
				CLANG_ANALYZER_NUMBER_OBJECT_CONVERSION = YES_AGGRESSIVE;
				CLANG_CXX_LANGUAGE_STANDARD = "gnu++20";
				CLANG_ENABLE_MODULES = YES;
				CLANG_ENABLE_OBJC_ARC = YES;
				CLANG_ENABLE_OBJC_WEAK = YES;
				CLANG_WARN_BLOCK_CAPTURE_AUTORELEASING = YES;
				CLANG_WARN_BOOL_CONVERSION = YES;
				CLANG_WARN_COMMA = YES;
				CLANG_WARN_CONSTANT_CONVERSION = YES;
				CLANG_WARN_DEPRECATED_OBJC_IMPLEMENTATIONS = YES;
				CLANG_WARN_DIRECT_OBJC_ISA_USAGE = YES_ERROR;
				CLANG_WARN_DOCUMENTATION_COMMENTS = YES;
				CLANG_WARN_EMPTY_BODY = YES;
				CLANG_WARN_ENUM_CONVERSION = YES;
				CLANG_WARN_INFINITE_RECURSION = YES;
				CLANG_WARN_INT_CONVERSION = YES;
				CLANG_WARN_NON_LITERAL_NULL_CONVERSION = YES;
				CLANG_WARN_OBJC_IMPLICIT_RETAIN_SELF = YES;
				CLANG_WARN_OBJC_LITERAL_CONVERSION = YES;
				CLANG_WARN_OBJC_ROOT_CLASS = YES_ERROR;
				CLANG_WARN_QUOTED_INCLUDE_IN_FRAMEWORK_HEADER = YES;
				CLANG_WARN_RANGE_LOOP_ANALYSIS = YES;
				CLANG_WARN_STRICT_PROTOTYPES = YES;
				CLANG_WARN_SUSPICIOUS_MOVE = YES;
				CLANG_WARN_UNGUARDED_AVAILABILITY = YES_AGGRESSIVE;
				CLANG_WARN_UNREACHABLE_CODE = YES;
				CLANG_WARN__DUPLICATE_METHOD_MATCH = YES;
				COPY_PHASE_STRIP = NO;
				DEBUG_INFORMATION_FORMAT = dwarf;
				ENABLE_STRICT_OBJC_MSGSEND = YES;
				ENABLE_TESTABILITY = YES;
				ENABLE_USER_SCRIPT_SANDBOXING = YES;
				GCC_C_LANGUAGE_STANDARD = gnu17;
				GCC_DYNAMIC_NO_PIC = NO;
				GCC_NO_COMMON_BLOCKS = YES;
				GCC_OPTIMIZATION_LEVEL = 0;
				GCC_PREPROCESSOR_DEFINITIONS = (
					"DEBUG=1",
					"$(inherited)",
				);
				GCC_WARN_64_TO_32_BIT_CONVERSION = YES;
				GCC_WARN_ABOUT_RETURN_TYPE = YES_ERROR;
				GCC_WARN_UNDECLARED_SELECTOR = YES;
				GCC_WARN_UNINITIALIZED_AUTOS = YES_AGGRESSIVE;
				GCC_WARN_UNUSED_FUNCTION = YES;
				GCC_WARN_UNUSED_VARIABLE = YES;
				IPHONEOS_DEPLOYMENT_TARGET = 17.5;
				LOCALIZATION_PREFERS_STRING_CATALOGS = YES;
				MTL_ENABLE_DEBUG_INFO = INCLUDE_SOURCE;
				MTL_FAST_MATH = YES;
				ONLY_ACTIVE_ARCH = YES;
				SDKROOT = iphoneos;
				SWIFT_ACTIVE_COMPILATION_CONDITIONS = "DEBUG $(inherited)";
				SWIFT_OPTIMIZATION_LEVEL = "-Onone";
			};
			name = Debug;
		};
		82C948942C93348A006D1C24 /* Release */ = {
			isa = XCBuildConfiguration;
			buildSettings = {
				ALWAYS_SEARCH_USER_PATHS = NO;
				ASSETCATALOG_COMPILER_GENERATE_SWIFT_ASSET_SYMBOL_EXTENSIONS = YES;
				CLANG_ANALYZER_NONNULL = YES;
				CLANG_ANALYZER_NUMBER_OBJECT_CONVERSION = YES_AGGRESSIVE;
				CLANG_CXX_LANGUAGE_STANDARD = "gnu++20";
				CLANG_ENABLE_MODULES = YES;
				CLANG_ENABLE_OBJC_ARC = YES;
				CLANG_ENABLE_OBJC_WEAK = YES;
				CLANG_WARN_BLOCK_CAPTURE_AUTORELEASING = YES;
				CLANG_WARN_BOOL_CONVERSION = YES;
				CLANG_WARN_COMMA = YES;
				CLANG_WARN_CONSTANT_CONVERSION = YES;
				CLANG_WARN_DEPRECATED_OBJC_IMPLEMENTATIONS = YES;
				CLANG_WARN_DIRECT_OBJC_ISA_USAGE = YES_ERROR;
				CLANG_WARN_DOCUMENTATION_COMMENTS = YES;
				CLANG_WARN_EMPTY_BODY = YES;
				CLANG_WARN_ENUM_CONVERSION = YES;
				CLANG_WARN_INFINITE_RECURSION = YES;
				CLANG_WARN_INT_CONVERSION = YES;
				CLANG_WARN_NON_LITERAL_NULL_CONVERSION = YES;
				CLANG_WARN_OBJC_IMPLICIT_RETAIN_SELF = YES;
				CLANG_WARN_OBJC_LITERAL_CONVERSION = YES;
				CLANG_WARN_OBJC_ROOT_CLASS = YES_ERROR;
				CLANG_WARN_QUOTED_INCLUDE_IN_FRAMEWORK_HEADER = YES;
				CLANG_WARN_RANGE_LOOP_ANALYSIS = YES;
				CLANG_WARN_STRICT_PROTOTYPES = YES;
				CLANG_WARN_SUSPICIOUS_MOVE = YES;
				CLANG_WARN_UNGUARDED_AVAILABILITY = YES_AGGRESSIVE;
				CLANG_WARN_UNREACHABLE_CODE = YES;
				CLANG_WARN__DUPLICATE_METHOD_MATCH = YES;
				COPY_PHASE_STRIP = NO;
				DEBUG_INFORMATION_FORMAT = "dwarf-with-dsym";
				ENABLE_NS_ASSERTIONS = NO;
				ENABLE_STRICT_OBJC_MSGSEND = YES;
				ENABLE_USER_SCRIPT_SANDBOXING = YES;
				GCC_C_LANGUAGE_STANDARD = gnu17;
				GCC_NO_COMMON_BLOCKS = YES;
				GCC_WARN_64_TO_32_BIT_CONVERSION = YES;
				GCC_WARN_ABOUT_RETURN_TYPE = YES_ERROR;
				GCC_WARN_UNDECLARED_SELECTOR = YES;
				GCC_WARN_UNINITIALIZED_AUTOS = YES_AGGRESSIVE;
				GCC_WARN_UNUSED_FUNCTION = YES;
				GCC_WARN_UNUSED_VARIABLE = YES;
				IPHONEOS_DEPLOYMENT_TARGET = 17.5;
				LOCALIZATION_PREFERS_STRING_CATALOGS = YES;
				MTL_ENABLE_DEBUG_INFO = NO;
				MTL_FAST_MATH = YES;
				SDKROOT = iphoneos;
				SWIFT_COMPILATION_MODE = wholemodule;
				VALIDATE_PRODUCT = YES;
			};
			name = Release;
		};
		82C948962C93348A006D1C24 /* Debug */ = {
			isa = XCBuildConfiguration;
			buildSettings = {
				ASSETCATALOG_COMPILER_APPICON_NAME = AppIcon;
				ASSETCATALOG_COMPILER_GLOBAL_ACCENT_COLOR_NAME = AccentColor;
				CODE_SIGN_STYLE = Automatic;
				CURRENT_PROJECT_VERSION = 1;
				GENERATE_INFOPLIST_FILE = YES;
				INFOPLIST_FILE = ImageViewDemo/Info.plist;
				INFOPLIST_KEY_CFBundleDisplayName = "Image Viewer App";
				INFOPLIST_KEY_UIApplicationSupportsIndirectInputEvents = YES;
				INFOPLIST_KEY_UILaunchStoryboardName = LaunchScreen;
				INFOPLIST_KEY_UIMainStoryboardFile = Main;
				INFOPLIST_KEY_UISupportedInterfaceOrientations_iPad = "UIInterfaceOrientationPortrait UIInterfaceOrientationPortraitUpsideDown UIInterfaceOrientationLandscapeLeft UIInterfaceOrientationLandscapeRight";
				INFOPLIST_KEY_UISupportedInterfaceOrientations_iPhone = "UIInterfaceOrientationPortrait UIInterfaceOrientationLandscapeLeft UIInterfaceOrientationLandscapeRight";
				IPHONEOS_DEPLOYMENT_TARGET = 15.0;
				LD_RUNPATH_SEARCH_PATHS = (
					"$(inherited)",
					"@executable_path/Frameworks",
				);
				MARKETING_VERSION = 1.0;
				PRODUCT_BUNDLE_IDENTIFIER = nwmsu.S568995.ImageViewDemo;
				PRODUCT_NAME = "$(TARGET_NAME)";
				SWIFT_EMIT_LOC_STRINGS = YES;
				SWIFT_VERSION = 5.0;
				TARGETED_DEVICE_FAMILY = "1,2";
			};
			name = Debug;
		};
		82C948972C93348A006D1C24 /* Release */ = {
			isa = XCBuildConfiguration;
			buildSettings = {
				ASSETCATALOG_COMPILER_APPICON_NAME = AppIcon;
				ASSETCATALOG_COMPILER_GLOBAL_ACCENT_COLOR_NAME = AccentColor;
				CODE_SIGN_STYLE = Automatic;
				CURRENT_PROJECT_VERSION = 1;
				GENERATE_INFOPLIST_FILE = YES;
				INFOPLIST_FILE = ImageViewDemo/Info.plist;
				INFOPLIST_KEY_CFBundleDisplayName = "Image Viewer App";
				INFOPLIST_KEY_UIApplicationSupportsIndirectInputEvents = YES;
				INFOPLIST_KEY_UILaunchStoryboardName = LaunchScreen;
				INFOPLIST_KEY_UIMainStoryboardFile = Main;
				INFOPLIST_KEY_UISupportedInterfaceOrientations_iPad = "UIInterfaceOrientationPortrait UIInterfaceOrientationPortraitUpsideDown UIInterfaceOrientationLandscapeLeft UIInterfaceOrientationLandscapeRight";
				INFOPLIST_KEY_UISupportedInterfaceOrientations_iPhone = "UIInterfaceOrientationPortrait UIInterfaceOrientationLandscapeLeft UIInterfaceOrientationLandscapeRight";
				IPHONEOS_DEPLOYMENT_TARGET = 15.0;
				LD_RUNPATH_SEARCH_PATHS = (
					"$(inherited)",
					"@executable_path/Frameworks",
				);
				MARKETING_VERSION = 1.0;
				PRODUCT_BUNDLE_IDENTIFIER = nwmsu.S568995.ImageViewDemo;
				PRODUCT_NAME = "$(TARGET_NAME)";
				SWIFT_EMIT_LOC_STRINGS = YES;
				SWIFT_VERSION = 5.0;
				TARGETED_DEVICE_FAMILY = "1,2";
			};
			name = Release;
		};
		82C948992C93348A006D1C24 /* Debug */ = {
			isa = XCBuildConfiguration;
			buildSettings = {
				ALWAYS_EMBED_SWIFT_STANDARD_LIBRARIES = YES;
				BUNDLE_LOADER = "$(TEST_HOST)";
				CODE_SIGN_STYLE = Automatic;
				CURRENT_PROJECT_VERSION = 1;
				GENERATE_INFOPLIST_FILE = YES;
				IPHONEOS_DEPLOYMENT_TARGET = 17.5;
				MARKETING_VERSION = 1.0;
				PRODUCT_BUNDLE_IDENTIFIER = nwmsu.S568995.ImageViewDemoTests;
				PRODUCT_NAME = "$(TARGET_NAME)";
				SWIFT_EMIT_LOC_STRINGS = NO;
				SWIFT_VERSION = 5.0;
				TARGETED_DEVICE_FAMILY = "1,2";
				TEST_HOST = "$(BUILT_PRODUCTS_DIR)/ImageViewDemo.app/$(BUNDLE_EXECUTABLE_FOLDER_PATH)/ImageViewDemo";
			};
			name = Debug;
		};
		82C9489A2C93348A006D1C24 /* Release */ = {
			isa = XCBuildConfiguration;
			buildSettings = {
				ALWAYS_EMBED_SWIFT_STANDARD_LIBRARIES = YES;
				BUNDLE_LOADER = "$(TEST_HOST)";
				CODE_SIGN_STYLE = Automatic;
				CURRENT_PROJECT_VERSION = 1;
				GENERATE_INFOPLIST_FILE = YES;
				IPHONEOS_DEPLOYMENT_TARGET = 17.5;
				MARKETING_VERSION = 1.0;
				PRODUCT_BUNDLE_IDENTIFIER = nwmsu.S568995.ImageViewDemoTests;
				PRODUCT_NAME = "$(TARGET_NAME)";
				SWIFT_EMIT_LOC_STRINGS = NO;
				SWIFT_VERSION = 5.0;
				TARGETED_DEVICE_FAMILY = "1,2";
				TEST_HOST = "$(BUILT_PRODUCTS_DIR)/ImageViewDemo.app/$(BUNDLE_EXECUTABLE_FOLDER_PATH)/ImageViewDemo";
			};
			name = Release;
		};
		82C9489C2C93348A006D1C24 /* Debug */ = {
			isa = XCBuildConfiguration;
			buildSettings = {
				ALWAYS_EMBED_SWIFT_STANDARD_LIBRARIES = YES;
				CODE_SIGN_STYLE = Automatic;
				CURRENT_PROJECT_VERSION = 1;
				GENERATE_INFOPLIST_FILE = YES;
				MARKETING_VERSION = 1.0;
				PRODUCT_BUNDLE_IDENTIFIER = nwmsu.S568995.ImageViewDemoUITests;
				PRODUCT_NAME = "$(TARGET_NAME)";
				SWIFT_EMIT_LOC_STRINGS = NO;
				SWIFT_VERSION = 5.0;
				TARGETED_DEVICE_FAMILY = "1,2";
				TEST_TARGET_NAME = ImageViewDemo;
			};
			name = Debug;
		};
		82C9489D2C93348A006D1C24 /* Release */ = {
			isa = XCBuildConfiguration;
			buildSettings = {
				ALWAYS_EMBED_SWIFT_STANDARD_LIBRARIES = YES;
				CODE_SIGN_STYLE = Automatic;
				CURRENT_PROJECT_VERSION = 1;
				GENERATE_INFOPLIST_FILE = YES;
				MARKETING_VERSION = 1.0;
				PRODUCT_BUNDLE_IDENTIFIER = nwmsu.S568995.ImageViewDemoUITests;
				PRODUCT_NAME = "$(TARGET_NAME)";
				SWIFT_EMIT_LOC_STRINGS = NO;
				SWIFT_VERSION = 5.0;
				TARGETED_DEVICE_FAMILY = "1,2";
				TEST_TARGET_NAME = ImageViewDemo;
			};
			name = Release;
		};
/* End XCBuildConfiguration section */

/* Begin XCConfigurationList section */
		82C948662C93348A006D1C24 /* Build configuration list for PBXProject "ImageViewDemo" */ = {
			isa = XCConfigurationList;
			buildConfigurations = (
				82C948932C93348A006D1C24 /* Debug */,
				82C948942C93348A006D1C24 /* Release */,
			);
			defaultConfigurationIsVisible = 0;
			defaultConfigurationName = Release;
		};
		82C948952C93348A006D1C24 /* Build configuration list for PBXNativeTarget "ImageViewDemo" */ = {
			isa = XCConfigurationList;
			buildConfigurations = (
				82C948962C93348A006D1C24 /* Debug */,
				82C948972C93348A006D1C24 /* Release */,
			);
			defaultConfigurationIsVisible = 0;
			defaultConfigurationName = Release;
		};
		82C948982C93348A006D1C24 /* Build configuration list for PBXNativeTarget "ImageViewDemoTests" */ = {
			isa = XCConfigurationList;
			buildConfigurations = (
				82C948992C93348A006D1C24 /* Debug */,
				82C9489A2C93348A006D1C24 /* Release */,
			);
			defaultConfigurationIsVisible = 0;
			defaultConfigurationName = Release;
		};
		82C9489B2C93348A006D1C24 /* Build configuration list for PBXNativeTarget "ImageViewDemoUITests" */ = {
			isa = XCConfigurationList;
			buildConfigurations = (
				82C9489C2C93348A006D1C24 /* Debug */,
				82C9489D2C93348A006D1C24 /* Release */,
			);
			defaultConfigurationIsVisible = 0;
			defaultConfigurationName = Release;
		};
/* End XCConfigurationList section */
	};
	rootObject = 82C948632C933489006D1C24 /* Project object */;
}
