// !$*UTF8*$!
{
	archiveVersion = 1;
	classes = {
	};
	objectVersion = 77;
	objects = {

/* Begin PBXContainerItemProxy section */
		82515AE52CDBE16800F9327D /* PBXContainerItemProxy */ = {
			isa = PBXContainerItemProxy;
			containerPortal = 82515AC62CDBE16700F9327D /* Project object */;
			proxyType = 1;
			remoteGlobalIDString = 82515ACD2CDBE16700F9327D;
			remoteInfo = Kotha_SearchApp;
		};
		82515AEF2CDBE16800F9327D /* PBXContainerItemProxy */ = {
			isa = PBXContainerItemProxy;
			containerPortal = 82515AC62CDBE16700F9327D /* Project object */;
			proxyType = 1;
			remoteGlobalIDString = 82515ACD2CDBE16700F9327D;
			remoteInfo = Kotha_SearchApp;
		};
/* End PBXContainerItemProxy section */

/* Begin PBXFileReference section */
		82515ACE2CDBE16700F9327D /* Kotha_SearchApp.app */ = {isa = PBXFileReference; explicitFileType = wrapper.application; includeInIndex = 0; path = Kotha_SearchApp.app; sourceTree = BUILT_PRODUCTS_DIR; };
		82515AE42CDBE16800F9327D /* Kotha_SearchAppTests.xctest */ = {isa = PBXFileReference; explicitFileType = wrapper.cfbundle; includeInIndex = 0; path = Kotha_SearchAppTests.xctest; sourceTree = BUILT_PRODUCTS_DIR; };
		82515AEE2CDBE16800F9327D /* Kotha_SearchAppUITests.xctest */ = {isa = PBXFileReference; explicitFileType = wrapper.cfbundle; includeInIndex = 0; path = Kotha_SearchAppUITests.xctest; sourceTree = BUILT_PRODUCTS_DIR; };
/* End PBXFileReference section */

/* Begin PBXFileSystemSynchronizedBuildFileExceptionSet section */
		82515AF62CDBE16800F9327D /* Exceptions for "Kotha_SearchApp" folder in "Kotha_SearchApp" target */ = {
			isa = PBXFileSystemSynchronizedBuildFileExceptionSet;
			membershipExceptions = (
				Info.plist,
			);
			target = 82515ACD2CDBE16700F9327D /* Kotha_SearchApp */;
		};
/* End PBXFileSystemSynchronizedBuildFileExceptionSet section */

/* Begin PBXFileSystemSynchronizedRootGroup section */
		82515AD02CDBE16700F9327D /* Kotha_SearchApp */ = {
			isa = PBXFileSystemSynchronizedRootGroup;
			exceptions = (
				82515AF62CDBE16800F9327D /* Exceptions for "Kotha_SearchApp" folder in "Kotha_SearchApp" target */,
			);
			path = Kotha_SearchApp;
			sourceTree = "<group>";
		};
		82515AE72CDBE16800F9327D /* Kotha_SearchAppTests */ = {
			isa = PBXFileSystemSynchronizedRootGroup;
			path = Kotha_SearchAppTests;
			sourceTree = "<group>";
		};
		82515AF12CDBE16800F9327D /* Kotha_SearchAppUITests */ = {
			isa = PBXFileSystemSynchronizedRootGroup;
			path = Kotha_SearchAppUITests;
			sourceTree = "<group>";
		};
/* End PBXFileSystemSynchronizedRootGroup section */

/* Begin PBXFrameworksBuildPhase section */
		82515ACB2CDBE16700F9327D /* Frameworks */ = {
			isa = PBXFrameworksBuildPhase;
			buildActionMask = 2147483647;
			files = (
			);
			runOnlyForDeploymentPostprocessing = 0;
		};
		82515AE12CDBE16800F9327D /* Frameworks */ = {
			isa = PBXFrameworksBuildPhase;
			buildActionMask = 2147483647;
			files = (
			);
			runOnlyForDeploymentPostprocessing = 0;
		};
		82515AEB2CDBE16800F9327D /* Frameworks */ = {
			isa = PBXFrameworksBuildPhase;
			buildActionMask = 2147483647;
			files = (
			);
			runOnlyForDeploymentPostprocessing = 0;
		};
/* End PBXFrameworksBuildPhase section */

/* Begin PBXGroup section */
		82515AC52CDBE16700F9327D = {
			isa = PBXGroup;
			children = (
				82515AD02CDBE16700F9327D /* Kotha_SearchApp */,
				82515AE72CDBE16800F9327D /* Kotha_SearchAppTests */,
				82515AF12CDBE16800F9327D /* Kotha_SearchAppUITests */,
				82515ACF2CDBE16700F9327D /* Products */,
			);
			sourceTree = "<group>";
		};
		82515ACF2CDBE16700F9327D /* Products */ = {
			isa = PBXGroup;
			children = (
				82515ACE2CDBE16700F9327D /* Kotha_SearchApp.app */,
				82515AE42CDBE16800F9327D /* Kotha_SearchAppTests.xctest */,
				82515AEE2CDBE16800F9327D /* Kotha_SearchAppUITests.xctest */,
			);
			name = Products;
			sourceTree = "<group>";
		};
/* End PBXGroup section */

/* Begin PBXNativeTarget section */
		82515ACD2CDBE16700F9327D /* Kotha_SearchApp */ = {
			isa = PBXNativeTarget;
			buildConfigurationList = 82515AF72CDBE16800F9327D /* Build configuration list for PBXNativeTarget "Kotha_SearchApp" */;
			buildPhases = (
				82515ACA2CDBE16700F9327D /* Sources */,
				82515ACB2CDBE16700F9327D /* Frameworks */,
				82515ACC2CDBE16700F9327D /* Resources */,
			);
			buildRules = (
			);
			dependencies = (
			);
			fileSystemSynchronizedGroups = (
				82515AD02CDBE16700F9327D /* Kotha_SearchApp */,
			);
			name = Kotha_SearchApp;
			packageProductDependencies = (
			);
			productName = Kotha_SearchApp;
			productReference = 82515ACE2CDBE16700F9327D /* Kotha_SearchApp.app */;
			productType = "com.apple.product-type.application";
		};
		82515AE32CDBE16800F9327D /* Kotha_SearchAppTests */ = {
			isa = PBXNativeTarget;
			buildConfigurationList = 82515AFC2CDBE16800F9327D /* Build configuration list for PBXNativeTarget "Kotha_SearchAppTests" */;
			buildPhases = (
				82515AE02CDBE16800F9327D /* Sources */,
				82515AE12CDBE16800F9327D /* Frameworks */,
				82515AE22CDBE16800F9327D /* Resources */,
			);
			buildRules = (
			);
			dependencies = (
				82515AE62CDBE16800F9327D /* PBXTargetDependency */,
			);
			fileSystemSynchronizedGroups = (
				82515AE72CDBE16800F9327D /* Kotha_SearchAppTests */,
			);
			name = Kotha_SearchAppTests;
			packageProductDependencies = (
			);
			productName = Kotha_SearchAppTests;
			productReference = 82515AE42CDBE16800F9327D /* Kotha_SearchAppTests.xctest */;
			productType = "com.apple.product-type.bundle.unit-test";
		};
		82515AED2CDBE16800F9327D /* Kotha_SearchAppUITests */ = {
			isa = PBXNativeTarget;
			buildConfigurationList = 82515AFF2CDBE16800F9327D /* Build configuration list for PBXNativeTarget "Kotha_SearchAppUITests" */;
			buildPhases = (
				82515AEA2CDBE16800F9327D /* Sources */,
				82515AEB2CDBE16800F9327D /* Frameworks */,
				82515AEC2CDBE16800F9327D /* Resources */,
			);
			buildRules = (
			);
			dependencies = (
				82515AF02CDBE16800F9327D /* PBXTargetDependency */,
			);
			fileSystemSynchronizedGroups = (
				82515AF12CDBE16800F9327D /* Kotha_SearchAppUITests */,
			);
			name = Kotha_SearchAppUITests;
			packageProductDependencies = (
			);
			productName = Kotha_SearchAppUITests;
			productReference = 82515AEE2CDBE16800F9327D /* Kotha_SearchAppUITests.xctest */;
			productType = "com.apple.product-type.bundle.ui-testing";
		};
/* End PBXNativeTarget section */

/* Begin PBXProject section */
		82515AC62CDBE16700F9327D /* Project object */ = {
			isa = PBXProject;
			attributes = {
				BuildIndependentTargetsInParallel = 1;
				LastSwiftUpdateCheck = 1610;
				LastUpgradeCheck = 1610;
				TargetAttributes = {
					82515ACD2CDBE16700F9327D = {
						CreatedOnToolsVersion = 16.1;
					};
					82515AE32CDBE16800F9327D = {
						CreatedOnToolsVersion = 16.1;
						TestTargetID = 82515ACD2CDBE16700F9327D;
					};
					82515AED2CDBE16800F9327D = {
						CreatedOnToolsVersion = 16.1;
						TestTargetID = 82515ACD2CDBE16700F9327D;
					};
				};
			};
			buildConfigurationList = 82515AC92CDBE16700F9327D /* Build configuration list for PBXProject "Kotha_SearchApp" */;
			developmentRegion = en;
			hasScannedForEncodings = 0;
			knownRegions = (
				en,
				Base,
			);
			mainGroup = 82515AC52CDBE16700F9327D;
			minimizedProjectReferenceProxies = 1;
			preferredProjectObjectVersion = 77;
			productRefGroup = 82515ACF2CDBE16700F9327D /* Products */;
			projectDirPath = "";
			projectRoot = "";
			targets = (
				82515ACD2CDBE16700F9327D /* Kotha_SearchApp */,
				82515AE32CDBE16800F9327D /* Kotha_SearchAppTests */,
				82515AED2CDBE16800F9327D /* Kotha_SearchAppUITests */,
			);
		};
/* End PBXProject section */

/* Begin PBXResourcesBuildPhase section */
		82515ACC2CDBE16700F9327D /* Resources */ = {
			isa = PBXResourcesBuildPhase;
			buildActionMask = 2147483647;
			files = (
			);
			runOnlyForDeploymentPostprocessing = 0;
		};
		82515AE22CDBE16800F9327D /* Resources */ = {
			isa = PBXResourcesBuildPhase;
			buildActionMask = 2147483647;
			files = (
			);
			runOnlyForDeploymentPostprocessing = 0;
		};
		82515AEC2CDBE16800F9327D /* Resources */ = {
			isa = PBXResourcesBuildPhase;
			buildActionMask = 2147483647;
			files = (
			);
			runOnlyForDeploymentPostprocessing = 0;
		};
/* End PBXResourcesBuildPhase section */

/* Begin PBXSourcesBuildPhase section */
		82515ACA2CDBE16700F9327D /* Sources */ = {
			isa = PBXSourcesBuildPhase;
			buildActionMask = 2147483647;
			files = (
			);
			runOnlyForDeploymentPostprocessing = 0;
		};
		82515AE02CDBE16800F9327D /* Sources */ = {
			isa = PBXSourcesBuildPhase;
			buildActionMask = 2147483647;
			files = (
			);
			runOnlyForDeploymentPostprocessing = 0;
		};
		82515AEA2CDBE16800F9327D /* Sources */ = {
			isa = PBXSourcesBuildPhase;
			buildActionMask = 2147483647;
			files = (
			);
			runOnlyForDeploymentPostprocessing = 0;
		};
/* End PBXSourcesBuildPhase section */

/* Begin PBXTargetDependency section */
		82515AE62CDBE16800F9327D /* PBXTargetDependency */ = {
			isa = PBXTargetDependency;
			target = 82515ACD2CDBE16700F9327D /* Kotha_SearchApp */;
			targetProxy = 82515AE52CDBE16800F9327D /* PBXContainerItemProxy */;
		};
		82515AF02CDBE16800F9327D /* PBXTargetDependency */ = {
			isa = PBXTargetDependency;
			target = 82515ACD2CDBE16700F9327D /* Kotha_SearchApp */;
			targetProxy = 82515AEF2CDBE16800F9327D /* PBXContainerItemProxy */;
		};
/* End PBXTargetDependency section */

/* Begin XCBuildConfiguration section */
		82515AF82CDBE16800F9327D /* Debug */ = {
			isa = XCBuildConfiguration;
			buildSettings = {
				ASSETCATALOG_COMPILER_APPICON_NAME = AppIcon;
				ASSETCATALOG_COMPILER_GLOBAL_ACCENT_COLOR_NAME = AccentColor;
				CODE_SIGN_STYLE = Automatic;
				CURRENT_PROJECT_VERSION = 1;
				GENERATE_INFOPLIST_FILE = YES;
				INFOPLIST_FILE = Kotha_SearchApp/Info.plist;
				INFOPLIST_KEY_CFBundleDisplayName = "Search App";
				INFOPLIST_KEY_UIApplicationSupportsIndirectInputEvents = YES;
				INFOPLIST_KEY_UILaunchStoryboardName = LaunchScreen;
				INFOPLIST_KEY_UIMainStoryboardFile = Main;
				INFOPLIST_KEY_UISupportedInterfaceOrientations_iPad = "UIInterfaceOrientationPortrait UIInterfaceOrientationPortraitUpsideDown UIInterfaceOrientationLandscapeLeft UIInterfaceOrientationLandscapeRight";
				INFOPLIST_KEY_UISupportedInterfaceOrientations_iPhone = "UIInterfaceOrientationPortrait UIInterfaceOrientationLandscapeLeft UIInterfaceOrientationLandscapeRight";
				IPHONEOS_DEPLOYMENT_TARGET = 14.0;
				LD_RUNPATH_SEARCH_PATHS = (
					"$(inherited)",
					"@executable_path/Frameworks",
				);
				MARKETING_VERSION = 1.0;
				PRODUCT_BUNDLE_IDENTIFIER = "nwmsu.Kotha-SearchApp";
				PRODUCT_NAME = "$(TARGET_NAME)";
				SWIFT_EMIT_LOC_STRINGS = YES;
				SWIFT_VERSION = 5.0;
				TARGETED_DEVICE_FAMILY = "1,2";
			};
			name = Debug;
		};
		82515AF92CDBE16800F9327D /* Release */ = {
			isa = XCBuildConfiguration;
			buildSettings = {
				ASSETCATALOG_COMPILER_APPICON_NAME = AppIcon;
				ASSETCATALOG_COMPILER_GLOBAL_ACCENT_COLOR_NAME = AccentColor;
				CODE_SIGN_STYLE = Automatic;
				CURRENT_PROJECT_VERSION = 1;
				GENERATE_INFOPLIST_FILE = YES;
				INFOPLIST_FILE = Kotha_SearchApp/Info.plist;
				INFOPLIST_KEY_CFBundleDisplayName = "Search App";
				INFOPLIST_KEY_UIApplicationSupportsIndirectInputEvents = YES;
				INFOPLIST_KEY_UILaunchStoryboardName = LaunchScreen;
				INFOPLIST_KEY_UIMainStoryboardFile = Main;
				INFOPLIST_KEY_UISupportedInterfaceOrientations_iPad = "UIInterfaceOrientationPortrait UIInterfaceOrientationPortraitUpsideDown UIInterfaceOrientationLandscapeLeft UIInterfaceOrientationLandscapeRight";
				INFOPLIST_KEY_UISupportedInterfaceOrientations_iPhone = "UIInterfaceOrientationPortrait UIInterfaceOrientationLandscapeLeft UIInterfaceOrientationLandscapeRight";
				IPHONEOS_DEPLOYMENT_TARGET = 14.0;
				LD_RUNPATH_SEARCH_PATHS = (
					"$(inherited)",
					"@executable_path/Frameworks",
				);
				MARKETING_VERSION = 1.0;
				PRODUCT_BUNDLE_IDENTIFIER = "nwmsu.Kotha-SearchApp";
				PRODUCT_NAME = "$(TARGET_NAME)";
				SWIFT_EMIT_LOC_STRINGS = YES;
				SWIFT_VERSION = 5.0;
				TARGETED_DEVICE_FAMILY = "1,2";
			};
			name = Release;
		};
		82515AFA2CDBE16800F9327D /* Debug */ = {
			isa = XCBuildConfiguration;
			buildSettings = {
				ALWAYS_SEARCH_USER_PATHS = NO;
				ASSETCATALOG_COMPILER_GENERATE_SWIFT_ASSET_SYMBOL_EXTENSIONS = YES;
				CLANG_ANALYZER_NONNULL = YES;
				CLANG_ANALYZER_NUMBER_OBJECT_CONVERSION = YES_AGGRESSIVE;
				CLANG_CXX_LANGUAGE_STANDARD = "gnu++20";
				CLANG_ENABLE_MODULES = YES;
				CLANG_ENABLE_OBJC_ARC = YES;
				CLANG_ENABLE_OBJC_WEAK = YES;
				CLANG_WARN_BLOCK_CAPTURE_AUTORELEASING = YES;
				CLANG_WARN_BOOL_CONVERSION = YES;
				CLANG_WARN_COMMA = YES;
				CLANG_WARN_CONSTANT_CONVERSION = YES;
				CLANG_WARN_DEPRECATED_OBJC_IMPLEMENTATIONS = YES;
				CLANG_WARN_DIRECT_OBJC_ISA_USAGE = YES_ERROR;
				CLANG_WARN_DOCUMENTATION_COMMENTS = YES;
				CLANG_WARN_EMPTY_BODY = YES;
				CLANG_WARN_ENUM_CONVERSION = YES;
				CLANG_WARN_INFINITE_RECURSION = YES;
				CLANG_WARN_INT_CONVERSION = YES;
				CLANG_WARN_NON_LITERAL_NULL_CONVERSION = YES;
				CLANG_WARN_OBJC_IMPLICIT_RETAIN_SELF = YES;
				CLANG_WARN_OBJC_LITERAL_CONVERSION = YES;
				CLANG_WARN_OBJC_ROOT_CLASS = YES_ERROR;
				CLANG_WARN_QUOTED_INCLUDE_IN_FRAMEWORK_HEADER = YES;
				CLANG_WARN_RANGE_LOOP_ANALYSIS = YES;
				CLANG_WARN_STRICT_PROTOTYPES = YES;
				CLANG_WARN_SUSPICIOUS_MOVE = YES;
				CLANG_WARN_UNGUARDED_AVAILABILITY = YES_AGGRESSIVE;
				CLANG_WARN_UNREACHABLE_CODE = YES;
				CLANG_WARN__DUPLICATE_METHOD_MATCH = YES;
				COPY_PHASE_STRIP = NO;
				DEBUG_INFORMATION_FORMAT = dwarf;
				ENABLE_STRICT_OBJC_MSGSEND = YES;
				ENABLE_TESTABILITY = YES;
				ENABLE_USER_SCRIPT_SANDBOXING = YES;
				GCC_C_LANGUAGE_STANDARD = gnu17;
				GCC_DYNAMIC_NO_PIC = NO;
				GCC_NO_COMMON_BLOCKS = YES;
				GCC_OPTIMIZATION_LEVEL = 0;
				GCC_PREPROCESSOR_DEFINITIONS = (
					"DEBUG=1",
					"$(inherited)",
				);
				GCC_WARN_64_TO_32_BIT_CONVERSION = YES;
				GCC_WARN_ABOUT_RETURN_TYPE = YES_ERROR;
				GCC_WARN_UNDECLARED_SELECTOR = YES;
				GCC_WARN_UNINITIALIZED_AUTOS = YES_AGGRESSIVE;
				GCC_WARN_UNUSED_FUNCTION = YES;
				GCC_WARN_UNUSED_VARIABLE = YES;
				IPHONEOS_DEPLOYMENT_TARGET = 18.1;
				LOCALIZATION_PREFERS_STRING_CATALOGS = YES;
				MTL_ENABLE_DEBUG_INFO = INCLUDE_SOURCE;
				MTL_FAST_MATH = YES;
				ONLY_ACTIVE_ARCH = YES;
				SDKROOT = iphoneos;
				SWIFT_ACTIVE_COMPILATION_CONDITIONS = "DEBUG $(inherited)";
				SWIFT_OPTIMIZATION_LEVEL = "-Onone";
			};
			name = Debug;
		};
		82515AFB2CDBE16800F9327D /* Release */ = {
			isa = XCBuildConfiguration;
			buildSettings = {
				ALWAYS_SEARCH_USER_PATHS = NO;
				ASSETCATALOG_COMPILER_GENERATE_SWIFT_ASSET_SYMBOL_EXTENSIONS = YES;
				CLANG_ANALYZER_NONNULL = YES;
				CLANG_ANALYZER_NUMBER_OBJECT_CONVERSION = YES_AGGRESSIVE;
				CLANG_CXX_LANGUAGE_STANDARD = "gnu++20";
				CLANG_ENABLE_MODULES = YES;
				CLANG_ENABLE_OBJC_ARC = YES;
				CLANG_ENABLE_OBJC_WEAK = YES;
				CLANG_WARN_BLOCK_CAPTURE_AUTORELEASING = YES;
				CLANG_WARN_BOOL_CONVERSION = YES;
				CLANG_WARN_COMMA = YES;
				CLANG_WARN_CONSTANT_CONVERSION = YES;
				CLANG_WARN_DEPRECATED_OBJC_IMPLEMENTATIONS = YES;
				CLANG_WARN_DIRECT_OBJC_ISA_USAGE = YES_ERROR;
				CLANG_WARN_DOCUMENTATION_COMMENTS = YES;
				CLANG_WARN_EMPTY_BODY = YES;
				CLANG_WARN_ENUM_CONVERSION = YES;
				CLANG_WARN_INFINITE_RECURSION = YES;
				CLANG_WARN_INT_CONVERSION = YES;
				CLANG_WARN_NON_LITERAL_NULL_CONVERSION = YES;
				CLANG_WARN_OBJC_IMPLICIT_RETAIN_SELF = YES;
				CLANG_WARN_OBJC_LITERAL_CONVERSION = YES;
				CLANG_WARN_OBJC_ROOT_CLASS = YES_ERROR;
				CLANG_WARN_QUOTED_INCLUDE_IN_FRAMEWORK_HEADER = YES;
				CLANG_WARN_RANGE_LOOP_ANALYSIS = YES;
				CLANG_WARN_STRICT_PROTOTYPES = YES;
				CLANG_WARN_SUSPICIOUS_MOVE = YES;
				CLANG_WARN_UNGUARDED_AVAILABILITY = YES_AGGRESSIVE;
				CLANG_WARN_UNREACHABLE_CODE = YES;
				CLANG_WARN__DUPLICATE_METHOD_MATCH = YES;
				COPY_PHASE_STRIP = NO;
				DEBUG_INFORMATION_FORMAT = "dwarf-with-dsym";
				ENABLE_NS_ASSERTIONS = NO;
				ENABLE_STRICT_OBJC_MSGSEND = YES;
				ENABLE_USER_SCRIPT_SANDBOXING = YES;
				GCC_C_LANGUAGE_STANDARD = gnu17;
				GCC_NO_COMMON_BLOCKS = YES;
				GCC_WARN_64_TO_32_BIT_CONVERSION = YES;
				GCC_WARN_ABOUT_RETURN_TYPE = YES_ERROR;
				GCC_WARN_UNDECLARED_SELECTOR = YES;
				GCC_WARN_UNINITIALIZED_AUTOS = YES_AGGRESSIVE;
				GCC_WARN_UNUSED_FUNCTION = YES;
				GCC_WARN_UNUSED_VARIABLE = YES;
				IPHONEOS_DEPLOYMENT_TARGET = 18.1;
				LOCALIZATION_PREFERS_STRING_CATALOGS = YES;
				MTL_ENABLE_DEBUG_INFO = NO;
				MTL_FAST_MATH = YES;
				SDKROOT = iphoneos;
				SWIFT_COMPILATION_MODE = wholemodule;
				VALIDATE_PRODUCT = YES;
			};
			name = Release;
		};
		82515AFD2CDBE16800F9327D /* Debug */ = {
			isa = XCBuildConfiguration;
			buildSettings = {
				BUNDLE_LOADER = "$(TEST_HOST)";
				CODE_SIGN_STYLE = Automatic;
				CURRENT_PROJECT_VERSION = 1;
				GENERATE_INFOPLIST_FILE = YES;
				IPHONEOS_DEPLOYMENT_TARGET = 18.1;
				MARKETING_VERSION = 1.0;
				PRODUCT_BUNDLE_IDENTIFIER = "nwmsu.Kotha-SearchAppTests";
				PRODUCT_NAME = "$(TARGET_NAME)";
				SWIFT_EMIT_LOC_STRINGS = NO;
				SWIFT_VERSION = 5.0;
				TARGETED_DEVICE_FAMILY = "1,2";
				TEST_HOST = "$(BUILT_PRODUCTS_DIR)/Kotha_SearchApp.app/$(BUNDLE_EXECUTABLE_FOLDER_PATH)/Kotha_SearchApp";
			};
			name = Debug;
		};
		82515AFE2CDBE16800F9327D /* Release */ = {
			isa = XCBuildConfiguration;
			buildSettings = {
				BUNDLE_LOADER = "$(TEST_HOST)";
				CODE_SIGN_STYLE = Automatic;
				CURRENT_PROJECT_VERSION = 1;
				GENERATE_INFOPLIST_FILE = YES;
				IPHONEOS_DEPLOYMENT_TARGET = 18.1;
				MARKETING_VERSION = 1.0;
				PRODUCT_BUNDLE_IDENTIFIER = "nwmsu.Kotha-SearchAppTests";
				PRODUCT_NAME = "$(TARGET_NAME)";
				SWIFT_EMIT_LOC_STRINGS = NO;
				SWIFT_VERSION = 5.0;
				TARGETED_DEVICE_FAMILY = "1,2";
				TEST_HOST = "$(BUILT_PRODUCTS_DIR)/Kotha_SearchApp.app/$(BUNDLE_EXECUTABLE_FOLDER_PATH)/Kotha_SearchApp";
			};
			name = Release;
		};
		82515B002CDBE16800F9327D /* Debug */ = {
			isa = XCBuildConfiguration;
			buildSettings = {
				CODE_SIGN_STYLE = Automatic;
				CURRENT_PROJECT_VERSION = 1;
				GENERATE_INFOPLIST_FILE = YES;
				IPHONEOS_DEPLOYMENT_TARGET = 14.0;
				MARKETING_VERSION = 1.0;
				PRODUCT_BUNDLE_IDENTIFIER = "nwmsu.Kotha-SearchAppUITests";
				PRODUCT_NAME = "$(TARGET_NAME)";
				SWIFT_EMIT_LOC_STRINGS = NO;
				SWIFT_VERSION = 5.0;
				TARGETED_DEVICE_FAMILY = "1,2";
				TEST_TARGET_NAME = Kotha_SearchApp;
			};
			name = Debug;
		};
		82515B012CDBE16800F9327D /* Release */ = {
			isa = XCBuildConfiguration;
			buildSettings = {
				CODE_SIGN_STYLE = Automatic;
				CURRENT_PROJECT_VERSION = 1;
				GENERATE_INFOPLIST_FILE = YES;
				IPHONEOS_DEPLOYMENT_TARGET = 14.0;
				MARKETING_VERSION = 1.0;
				PRODUCT_BUNDLE_IDENTIFIER = "nwmsu.Kotha-SearchAppUITests";
				PRODUCT_NAME = "$(TARGET_NAME)";
				SWIFT_EMIT_LOC_STRINGS = NO;
				SWIFT_VERSION = 5.0;
				TARGETED_DEVICE_FAMILY = "1,2";
				TEST_TARGET_NAME = Kotha_SearchApp;
			};
			name = Release;
		};
/* End XCBuildConfiguration section */

/* Begin XCConfigurationList section */
		82515AC92CDBE16700F9327D /* Build configuration list for PBXProject "Kotha_SearchApp" */ = {
			isa = XCConfigurationList;
			buildConfigurations = (
				82515AFA2CDBE16800F9327D /* Debug */,
				82515AFB2CDBE16800F9327D /* Release */,
			);
			defaultConfigurationIsVisible = 0;
			defaultConfigurationName = Release;
		};
		82515AF72CDBE16800F9327D /* Build configuration list for PBXNativeTarget "Kotha_SearchApp" */ = {
			isa = XCConfigurationList;
			buildConfigurations = (
				82515AF82CDBE16800F9327D /* Debug */,
				82515AF92CDBE16800F9327D /* Release */,
			);
			defaultConfigurationIsVisible = 0;
			defaultConfigurationName = Release;
		};
		82515AFC2CDBE16800F9327D /* Build configuration list for PBXNativeTarget "Kotha_SearchAppTests" */ = {
			isa = XCConfigurationList;
			buildConfigurations = (
				82515AFD2CDBE16800F9327D /* Debug */,
				82515AFE2CDBE16800F9327D /* Release */,
			);
			defaultConfigurationIsVisible = 0;
			defaultConfigurationName = Release;
		};
		82515AFF2CDBE16800F9327D /* Build configuration list for PBXNativeTarget "Kotha_SearchAppUITests" */ = {
			isa = XCConfigurationList;
			buildConfigurations = (
				82515B002CDBE16800F9327D /* Debug */,
				82515B012CDBE16800F9327D /* Release */,
			);
			defaultConfigurationIsVisible = 0;
			defaultConfigurationName = Release;
		};
/* End XCConfigurationList section */
	};
	rootObject = 82515AC62CDBE16700F9327D /* Project object */;
}
