// !$*UTF8*$!
{
	archiveVersion = 1;
	classes = {
	};
	objectVersion = 77;
	objects = {

/* Begin PBXContainerItemProxy section */
		821396322CDA72A800F7DE3A /* PBXContainerItemProxy */ = {
			isa = PBXContainerItemProxy;
			containerPortal = 821396132CDA72A700F7DE3A /* Project object */;
			proxyType = 1;
			remoteGlobalIDString = 8213961A2CDA72A700F7DE3A;
			remoteInfo = Kotha_PracticeExam02;
		};
		8213963C2CDA72A800F7DE3A /* PBXContainerItemProxy */ = {
			isa = PBXContainerItemProxy;
			containerPortal = 821396132CDA72A700F7DE3A /* Project object */;
			proxyType = 1;
			remoteGlobalIDString = 8213961A2CDA72A700F7DE3A;
			remoteInfo = Kotha_PracticeExam02;
		};
/* End PBXContainerItemProxy section */

/* Begin PBXFileReference section */
		8213961B2CDA72A700F7DE3A /* Kotha_PracticeExam02.app */ = {isa = PBXFileReference; explicitFileType = wrapper.application; includeInIndex = 0; path = Kotha_PracticeExam02.app; sourceTree = BUILT_PRODUCTS_DIR; };
		821396312CDA72A800F7DE3A /* Kotha_PracticeExam02Tests.xctest */ = {isa = PBXFileReference; explicitFileType = wrapper.cfbundle; includeInIndex = 0; path = Kotha_PracticeExam02Tests.xctest; sourceTree = BUILT_PRODUCTS_DIR; };
		8213963B2CDA72A800F7DE3A /* Kotha_PracticeExam02UITests.xctest */ = {isa = PBXFileReference; explicitFileType = wrapper.cfbundle; includeInIndex = 0; path = Kotha_PracticeExam02UITests.xctest; sourceTree = BUILT_PRODUCTS_DIR; };
/* End PBXFileReference section */

/* Begin PBXFileSystemSynchronizedBuildFileExceptionSet section */
		821396432CDA72A800F7DE3A /* Exceptions for "Kotha_PracticeExam02" folder in "Kotha_PracticeExam02" target */ = {
			isa = PBXFileSystemSynchronizedBuildFileExceptionSet;
			membershipExceptions = (
				Info.plist,
			);
			target = 8213961A2CDA72A700F7DE3A /* Kotha_PracticeExam02 */;
		};
/* End PBXFileSystemSynchronizedBuildFileExceptionSet section */

/* Begin PBXFileSystemSynchronizedRootGroup section */
		8213961D2CDA72A700F7DE3A /* Kotha_PracticeExam02 */ = {
			isa = PBXFileSystemSynchronizedRootGroup;
			exceptions = (
				821396432CDA72A800F7DE3A /* Exceptions for "Kotha_PracticeExam02" folder in "Kotha_PracticeExam02" target */,
			);
			path = Kotha_PracticeExam02;
			sourceTree = "<group>";
		};
		821396342CDA72A800F7DE3A /* Kotha_PracticeExam02Tests */ = {
			isa = PBXFileSystemSynchronizedRootGroup;
			path = Kotha_PracticeExam02Tests;
			sourceTree = "<group>";
		};
		8213963E2CDA72A800F7DE3A /* Kotha_PracticeExam02UITests */ = {
			isa = PBXFileSystemSynchronizedRootGroup;
			path = Kotha_PracticeExam02UITests;
			sourceTree = "<group>";
		};
/* End PBXFileSystemSynchronizedRootGroup section */

/* Begin PBXFrameworksBuildPhase section */
		821396182CDA72A700F7DE3A /* Frameworks */ = {
			isa = PBXFrameworksBuildPhase;
			buildActionMask = 2147483647;
			files = (
			);
			runOnlyForDeploymentPostprocessing = 0;
		};
		8213962E2CDA72A800F7DE3A /* Frameworks */ = {
			isa = PBXFrameworksBuildPhase;
			buildActionMask = 2147483647;
			files = (
			);
			runOnlyForDeploymentPostprocessing = 0;
		};
		821396382CDA72A800F7DE3A /* Frameworks */ = {
			isa = PBXFrameworksBuildPhase;
			buildActionMask = 2147483647;
			files = (
			);
			runOnlyForDeploymentPostprocessing = 0;
		};
/* End PBXFrameworksBuildPhase section */

/* Begin PBXGroup section */
		821396122CDA72A700F7DE3A = {
			isa = PBXGroup;
			children = (
				8213961D2CDA72A700F7DE3A /* Kotha_PracticeExam02 */,
				821396342CDA72A800F7DE3A /* Kotha_PracticeExam02Tests */,
				8213963E2CDA72A800F7DE3A /* Kotha_PracticeExam02UITests */,
				8213961C2CDA72A700F7DE3A /* Products */,
			);
			sourceTree = "<group>";
		};
		8213961C2CDA72A700F7DE3A /* Products */ = {
			isa = PBXGroup;
			children = (
				8213961B2CDA72A700F7DE3A /* Kotha_PracticeExam02.app */,
				821396312CDA72A800F7DE3A /* Kotha_PracticeExam02Tests.xctest */,
				8213963B2CDA72A800F7DE3A /* Kotha_PracticeExam02UITests.xctest */,
			);
			name = Products;
			sourceTree = "<group>";
		};
/* End PBXGroup section */

/* Begin PBXNativeTarget section */
		8213961A2CDA72A700F7DE3A /* Kotha_PracticeExam02 */ = {
			isa = PBXNativeTarget;
			buildConfigurationList = 821396442CDA72A800F7DE3A /* Build configuration list for PBXNativeTarget "Kotha_PracticeExam02" */;
			buildPhases = (
				821396172CDA72A700F7DE3A /* Sources */,
				821396182CDA72A700F7DE3A /* Frameworks */,
				821396192CDA72A700F7DE3A /* Resources */,
			);
			buildRules = (
			);
			dependencies = (
			);
			fileSystemSynchronizedGroups = (
				8213961D2CDA72A700F7DE3A /* Kotha_PracticeExam02 */,
			);
			name = Kotha_PracticeExam02;
			packageProductDependencies = (
			);
			productName = Kotha_PracticeExam02;
			productReference = 8213961B2CDA72A700F7DE3A /* Kotha_PracticeExam02.app */;
			productType = "com.apple.product-type.application";
		};
		821396302CDA72A800F7DE3A /* Kotha_PracticeExam02Tests */ = {
			isa = PBXNativeTarget;
			buildConfigurationList = 821396492CDA72A800F7DE3A /* Build configuration list for PBXNativeTarget "Kotha_PracticeExam02Tests" */;
			buildPhases = (
				8213962D2CDA72A800F7DE3A /* Sources */,
				8213962E2CDA72A800F7DE3A /* Frameworks */,
				8213962F2CDA72A800F7DE3A /* Resources */,
			);
			buildRules = (
			);
			dependencies = (
				821396332CDA72A800F7DE3A /* PBXTargetDependency */,
			);
			fileSystemSynchronizedGroups = (
				821396342CDA72A800F7DE3A /* Kotha_PracticeExam02Tests */,
			);
			name = Kotha_PracticeExam02Tests;
			packageProductDependencies = (
			);
			productName = Kotha_PracticeExam02Tests;
			productReference = 821396312CDA72A800F7DE3A /* Kotha_PracticeExam02Tests.xctest */;
			productType = "com.apple.product-type.bundle.unit-test";
		};
		8213963A2CDA72A800F7DE3A /* Kotha_PracticeExam02UITests */ = {
			isa = PBXNativeTarget;
			buildConfigurationList = 8213964C2CDA72A800F7DE3A /* Build configuration list for PBXNativeTarget "Kotha_PracticeExam02UITests" */;
			buildPhases = (
				821396372CDA72A800F7DE3A /* Sources */,
				821396382CDA72A800F7DE3A /* Frameworks */,
				821396392CDA72A800F7DE3A /* Resources */,
			);
			buildRules = (
			);
			dependencies = (
				8213963D2CDA72A800F7DE3A /* PBXTargetDependency */,
			);
			fileSystemSynchronizedGroups = (
				8213963E2CDA72A800F7DE3A /* Kotha_PracticeExam02UITests */,
			);
			name = Kotha_PracticeExam02UITests;
			packageProductDependencies = (
			);
			productName = Kotha_PracticeExam02UITests;
			productReference = 8213963B2CDA72A800F7DE3A /* Kotha_PracticeExam02UITests.xctest */;
			productType = "com.apple.product-type.bundle.ui-testing";
		};
/* End PBXNativeTarget section */

/* Begin PBXProject section */
		821396132CDA72A700F7DE3A /* Project object */ = {
			isa = PBXProject;
			attributes = {
				BuildIndependentTargetsInParallel = 1;
				LastSwiftUpdateCheck = 1610;
				LastUpgradeCheck = 1610;
				TargetAttributes = {
					8213961A2CDA72A700F7DE3A = {
						CreatedOnToolsVersion = 16.1;
					};
					821396302CDA72A800F7DE3A = {
						CreatedOnToolsVersion = 16.1;
						TestTargetID = 8213961A2CDA72A700F7DE3A;
					};
					8213963A2CDA72A800F7DE3A = {
						CreatedOnToolsVersion = 16.1;
						TestTargetID = 8213961A2CDA72A700F7DE3A;
					};
				};
			};
			buildConfigurationList = 821396162CDA72A700F7DE3A /* Build configuration list for PBXProject "Kotha_PracticeExam02" */;
			developmentRegion = en;
			hasScannedForEncodings = 0;
			knownRegions = (
				en,
				Base,
			);
			mainGroup = 821396122CDA72A700F7DE3A;
			minimizedProjectReferenceProxies = 1;
			preferredProjectObjectVersion = 77;
			productRefGroup = 8213961C2CDA72A700F7DE3A /* Products */;
			projectDirPath = "";
			projectRoot = "";
			targets = (
				8213961A2CDA72A700F7DE3A /* Kotha_PracticeExam02 */,
				821396302CDA72A800F7DE3A /* Kotha_PracticeExam02Tests */,
				8213963A2CDA72A800F7DE3A /* Kotha_PracticeExam02UITests */,
			);
		};
/* End PBXProject section */

/* Begin PBXResourcesBuildPhase section */
		821396192CDA72A700F7DE3A /* Resources */ = {
			isa = PBXResourcesBuildPhase;
			buildActionMask = 2147483647;
			files = (
			);
			runOnlyForDeploymentPostprocessing = 0;
		};
		8213962F2CDA72A800F7DE3A /* Resources */ = {
			isa = PBXResourcesBuildPhase;
			buildActionMask = 2147483647;
			files = (
			);
			runOnlyForDeploymentPostprocessing = 0;
		};
		821396392CDA72A800F7DE3A /* Resources */ = {
			isa = PBXResourcesBuildPhase;
			buildActionMask = 2147483647;
			files = (
			);
			runOnlyForDeploymentPostprocessing = 0;
		};
/* End PBXResourcesBuildPhase section */

/* Begin PBXSourcesBuildPhase section */
		821396172CDA72A700F7DE3A /* Sources */ = {
			isa = PBXSourcesBuildPhase;
			buildActionMask = 2147483647;
			files = (
			);
			runOnlyForDeploymentPostprocessing = 0;
		};
		8213962D2CDA72A800F7DE3A /* Sources */ = {
			isa = PBXSourcesBuildPhase;
			buildActionMask = 2147483647;
			files = (
			);
			runOnlyForDeploymentPostprocessing = 0;
		};
		821396372CDA72A800F7DE3A /* Sources */ = {
			isa = PBXSourcesBuildPhase;
			buildActionMask = 2147483647;
			files = (
			);
			runOnlyForDeploymentPostprocessing = 0;
		};
/* End PBXSourcesBuildPhase section */

/* Begin PBXTargetDependency section */
		821396332CDA72A800F7DE3A /* PBXTargetDependency */ = {
			isa = PBXTargetDependency;
			target = 8213961A2CDA72A700F7DE3A /* Kotha_PracticeExam02 */;
			targetProxy = 821396322CDA72A800F7DE3A /* PBXContainerItemProxy */;
		};
		8213963D2CDA72A800F7DE3A /* PBXTargetDependency */ = {
			isa = PBXTargetDependency;
			target = 8213961A2CDA72A700F7DE3A /* Kotha_PracticeExam02 */;
			targetProxy = 8213963C2CDA72A800F7DE3A /* PBXContainerItemProxy */;
		};
/* End PBXTargetDependency section */

/* Begin XCBuildConfiguration section */
		821396452CDA72A800F7DE3A /* Debug */ = {
			isa = XCBuildConfiguration;
			buildSettings = {
				ASSETCATALOG_COMPILER_APPICON_NAME = AppIcon;
				ASSETCATALOG_COMPILER_GLOBAL_ACCENT_COLOR_NAME = AccentColor;
				CODE_SIGN_STYLE = Automatic;
				CURRENT_PROJECT_VERSION = 1;
				GENERATE_INFOPLIST_FILE = YES;
				INFOPLIST_FILE = Kotha_PracticeExam02/Info.plist;
				INFOPLIST_KEY_CFBundleDisplayName = "EMI Calculator";
				INFOPLIST_KEY_UIApplicationSupportsIndirectInputEvents = YES;
				INFOPLIST_KEY_UILaunchStoryboardName = LaunchScreen;
				INFOPLIST_KEY_UIMainStoryboardFile = Main;
				INFOPLIST_KEY_UISupportedInterfaceOrientations_iPad = "UIInterfaceOrientationPortrait UIInterfaceOrientationPortraitUpsideDown UIInterfaceOrientationLandscapeLeft UIInterfaceOrientationLandscapeRight";
				INFOPLIST_KEY_UISupportedInterfaceOrientations_iPhone = "UIInterfaceOrientationPortrait UIInterfaceOrientationLandscapeLeft UIInterfaceOrientationLandscapeRight";
				IPHONEOS_DEPLOYMENT_TARGET = 15.5;
				LD_RUNPATH_SEARCH_PATHS = (
					"$(inherited)",
					"@executable_path/Frameworks",
				);
				MARKETING_VERSION = 1.0;
				PRODUCT_BUNDLE_IDENTIFIER = "nwmsu.Kotha-PracticeExam02";
				PRODUCT_NAME = "$(TARGET_NAME)";
				SWIFT_EMIT_LOC_STRINGS = YES;
				SWIFT_VERSION = 5.0;
				TARGETED_DEVICE_FAMILY = "1,2";
			};
			name = Debug;
		};
		821396462CDA72A800F7DE3A /* Release */ = {
			isa = XCBuildConfiguration;
			buildSettings = {
				ASSETCATALOG_COMPILER_APPICON_NAME = AppIcon;
				ASSETCATALOG_COMPILER_GLOBAL_ACCENT_COLOR_NAME = AccentColor;
				CODE_SIGN_STYLE = Automatic;
				CURRENT_PROJECT_VERSION = 1;
				GENERATE_INFOPLIST_FILE = YES;
				INFOPLIST_FILE = Kotha_PracticeExam02/Info.plist;
				INFOPLIST_KEY_CFBundleDisplayName = "EMI Calculator";
				INFOPLIST_KEY_UIApplicationSupportsIndirectInputEvents = YES;
				INFOPLIST_KEY_UILaunchStoryboardName = LaunchScreen;
				INFOPLIST_KEY_UIMainStoryboardFile = Main;
				INFOPLIST_KEY_UISupportedInterfaceOrientations_iPad = "UIInterfaceOrientationPortrait UIInterfaceOrientationPortraitUpsideDown UIInterfaceOrientationLandscapeLeft UIInterfaceOrientationLandscapeRight";
				INFOPLIST_KEY_UISupportedInterfaceOrientations_iPhone = "UIInterfaceOrientationPortrait UIInterfaceOrientationLandscapeLeft UIInterfaceOrientationLandscapeRight";
				IPHONEOS_DEPLOYMENT_TARGET = 15.5;
				LD_RUNPATH_SEARCH_PATHS = (
					"$(inherited)",
					"@executable_path/Frameworks",
				);
				MARKETING_VERSION = 1.0;
				PRODUCT_BUNDLE_IDENTIFIER = "nwmsu.Kotha-PracticeExam02";
				PRODUCT_NAME = "$(TARGET_NAME)";
				SWIFT_EMIT_LOC_STRINGS = YES;
				SWIFT_VERSION = 5.0;
				TARGETED_DEVICE_FAMILY = "1,2";
			};
			name = Release;
		};
		821396472CDA72A800F7DE3A /* Debug */ = {
			isa = XCBuildConfiguration;
			buildSettings = {
				ALWAYS_SEARCH_USER_PATHS = NO;
				ASSETCATALOG_COMPILER_GENERATE_SWIFT_ASSET_SYMBOL_EXTENSIONS = YES;
				CLANG_ANALYZER_NONNULL = YES;
				CLANG_ANALYZER_NUMBER_OBJECT_CONVERSION = YES_AGGRESSIVE;
				CLANG_CXX_LANGUAGE_STANDARD = "gnu++20";
				CLANG_ENABLE_MODULES = YES;
				CLANG_ENABLE_OBJC_ARC = YES;
				CLANG_ENABLE_OBJC_WEAK = YES;
				CLANG_WARN_BLOCK_CAPTURE_AUTORELEASING = YES;
				CLANG_WARN_BOOL_CONVERSION = YES;
				CLANG_WARN_COMMA = YES;
				CLANG_WARN_CONSTANT_CONVERSION = YES;
				CLANG_WARN_DEPRECATED_OBJC_IMPLEMENTATIONS = YES;
				CLANG_WARN_DIRECT_OBJC_ISA_USAGE = YES_ERROR;
				CLANG_WARN_DOCUMENTATION_COMMENTS = YES;
				CLANG_WARN_EMPTY_BODY = YES;
				CLANG_WARN_ENUM_CONVERSION = YES;
				CLANG_WARN_INFINITE_RECURSION = YES;
				CLANG_WARN_INT_CONVERSION = YES;
				CLANG_WARN_NON_LITERAL_NULL_CONVERSION = YES;
				CLANG_WARN_OBJC_IMPLICIT_RETAIN_SELF = YES;
				CLANG_WARN_OBJC_LITERAL_CONVERSION = YES;
				CLANG_WARN_OBJC_ROOT_CLASS = YES_ERROR;
				CLANG_WARN_QUOTED_INCLUDE_IN_FRAMEWORK_HEADER = YES;
				CLANG_WARN_RANGE_LOOP_ANALYSIS = YES;
				CLANG_WARN_STRICT_PROTOTYPES = YES;
				CLANG_WARN_SUSPICIOUS_MOVE = YES;
				CLANG_WARN_UNGUARDED_AVAILABILITY = YES_AGGRESSIVE;
				CLANG_WARN_UNREACHABLE_CODE = YES;
				CLANG_WARN__DUPLICATE_METHOD_MATCH = YES;
				COPY_PHASE_STRIP = NO;
				DEBUG_INFORMATION_FORMAT = dwarf;
				ENABLE_STRICT_OBJC_MSGSEND = YES;
				ENABLE_TESTABILITY = YES;
				ENABLE_USER_SCRIPT_SANDBOXING = YES;
				GCC_C_LANGUAGE_STANDARD = gnu17;
				GCC_DYNAMIC_NO_PIC = NO;
				GCC_NO_COMMON_BLOCKS = YES;
				GCC_OPTIMIZATION_LEVEL = 0;
				GCC_PREPROCESSOR_DEFINITIONS = (
					"DEBUG=1",
					"$(inherited)",
				);
				GCC_WARN_64_TO_32_BIT_CONVERSION = YES;
				GCC_WARN_ABOUT_RETURN_TYPE = YES_ERROR;
				GCC_WARN_UNDECLARED_SELECTOR = YES;
				GCC_WARN_UNINITIALIZED_AUTOS = YES_AGGRESSIVE;
				GCC_WARN_UNUSED_FUNCTION = YES;
				GCC_WARN_UNUSED_VARIABLE = YES;
				IPHONEOS_DEPLOYMENT_TARGET = 18.1;
				LOCALIZATION_PREFERS_STRING_CATALOGS = YES;
				MTL_ENABLE_DEBUG_INFO = INCLUDE_SOURCE;
				MTL_FAST_MATH = YES;
				ONLY_ACTIVE_ARCH = YES;
				SDKROOT = iphoneos;
				SWIFT_ACTIVE_COMPILATION_CONDITIONS = "DEBUG $(inherited)";
				SWIFT_OPTIMIZATION_LEVEL = "-Onone";
			};
			name = Debug;
		};
		821396482CDA72A800F7DE3A /* Release */ = {
			isa = XCBuildConfiguration;
			buildSettings = {
				ALWAYS_SEARCH_USER_PATHS = NO;
				ASSETCATALOG_COMPILER_GENERATE_SWIFT_ASSET_SYMBOL_EXTENSIONS = YES;
				CLANG_ANALYZER_NONNULL = YES;
				CLANG_ANALYZER_NUMBER_OBJECT_CONVERSION = YES_AGGRESSIVE;
				CLANG_CXX_LANGUAGE_STANDARD = "gnu++20";
				CLANG_ENABLE_MODULES = YES;
				CLANG_ENABLE_OBJC_ARC = YES;
				CLANG_ENABLE_OBJC_WEAK = YES;
				CLANG_WARN_BLOCK_CAPTURE_AUTORELEASING = YES;
				CLANG_WARN_BOOL_CONVERSION = YES;
				CLANG_WARN_COMMA = YES;
				CLANG_WARN_CONSTANT_CONVERSION = YES;
				CLANG_WARN_DEPRECATED_OBJC_IMPLEMENTATIONS = YES;
				CLANG_WARN_DIRECT_OBJC_ISA_USAGE = YES_ERROR;
				CLANG_WARN_DOCUMENTATION_COMMENTS = YES;
				CLANG_WARN_EMPTY_BODY = YES;
				CLANG_WARN_ENUM_CONVERSION = YES;
				CLANG_WARN_INFINITE_RECURSION = YES;
				CLANG_WARN_INT_CONVERSION = YES;
				CLANG_WARN_NON_LITERAL_NULL_CONVERSION = YES;
				CLANG_WARN_OBJC_IMPLICIT_RETAIN_SELF = YES;
				CLANG_WARN_OBJC_LITERAL_CONVERSION = YES;
				CLANG_WARN_OBJC_ROOT_CLASS = YES_ERROR;
				CLANG_WARN_QUOTED_INCLUDE_IN_FRAMEWORK_HEADER = YES;
				CLANG_WARN_RANGE_LOOP_ANALYSIS = YES;
				CLANG_WARN_STRICT_PROTOTYPES = YES;
				CLANG_WARN_SUSPICIOUS_MOVE = YES;
				CLANG_WARN_UNGUARDED_AVAILABILITY = YES_AGGRESSIVE;
				CLANG_WARN_UNREACHABLE_CODE = YES;
				CLANG_WARN__DUPLICATE_METHOD_MATCH = YES;
				COPY_PHASE_STRIP = NO;
				DEBUG_INFORMATION_FORMAT = "dwarf-with-dsym";
				ENABLE_NS_ASSERTIONS = NO;
				ENABLE_STRICT_OBJC_MSGSEND = YES;
				ENABLE_USER_SCRIPT_SANDBOXING = YES;
				GCC_C_LANGUAGE_STANDARD = gnu17;
				GCC_NO_COMMON_BLOCKS = YES;
				GCC_WARN_64_TO_32_BIT_CONVERSION = YES;
				GCC_WARN_ABOUT_RETURN_TYPE = YES_ERROR;
				GCC_WARN_UNDECLARED_SELECTOR = YES;
				GCC_WARN_UNINITIALIZED_AUTOS = YES_AGGRESSIVE;
				GCC_WARN_UNUSED_FUNCTION = YES;
				GCC_WARN_UNUSED_VARIABLE = YES;
				IPHONEOS_DEPLOYMENT_TARGET = 18.1;
				LOCALIZATION_PREFERS_STRING_CATALOGS = YES;
				MTL_ENABLE_DEBUG_INFO = NO;
				MTL_FAST_MATH = YES;
				SDKROOT = iphoneos;
				SWIFT_COMPILATION_MODE = wholemodule;
				VALIDATE_PRODUCT = YES;
			};
			name = Release;
		};
		8213964A2CDA72A800F7DE3A /* Debug */ = {
			isa = XCBuildConfiguration;
			buildSettings = {
				BUNDLE_LOADER = "$(TEST_HOST)";
				CODE_SIGN_STYLE = Automatic;
				CURRENT_PROJECT_VERSION = 1;
				GENERATE_INFOPLIST_FILE = YES;
				IPHONEOS_DEPLOYMENT_TARGET = 18.1;
				MARKETING_VERSION = 1.0;
				PRODUCT_BUNDLE_IDENTIFIER = "S568995.Kotha-PracticeExam02Tests";
				PRODUCT_NAME = "$(TARGET_NAME)";
				SWIFT_EMIT_LOC_STRINGS = NO;
				SWIFT_VERSION = 5.0;
				TARGETED_DEVICE_FAMILY = "1,2";
				TEST_HOST = "$(BUILT_PRODUCTS_DIR)/Kotha_PracticeExam02.app/$(BUNDLE_EXECUTABLE_FOLDER_PATH)/Kotha_PracticeExam02";
			};
			name = Debug;
		};
		8213964B2CDA72A800F7DE3A /* Release */ = {
			isa = XCBuildConfiguration;
			buildSettings = {
				BUNDLE_LOADER = "$(TEST_HOST)";
				CODE_SIGN_STYLE = Automatic;
				CURRENT_PROJECT_VERSION = 1;
				GENERATE_INFOPLIST_FILE = YES;
				IPHONEOS_DEPLOYMENT_TARGET = 18.1;
				MARKETING_VERSION = 1.0;
				PRODUCT_BUNDLE_IDENTIFIER = "S568995.Kotha-PracticeExam02Tests";
				PRODUCT_NAME = "$(TARGET_NAME)";
				SWIFT_EMIT_LOC_STRINGS = NO;
				SWIFT_VERSION = 5.0;
				TARGETED_DEVICE_FAMILY = "1,2";
				TEST_HOST = "$(BUILT_PRODUCTS_DIR)/Kotha_PracticeExam02.app/$(BUNDLE_EXECUTABLE_FOLDER_PATH)/Kotha_PracticeExam02";
			};
			name = Release;
		};
		8213964D2CDA72A800F7DE3A /* Debug */ = {
			isa = XCBuildConfiguration;
			buildSettings = {
				CODE_SIGN_STYLE = Automatic;
				CURRENT_PROJECT_VERSION = 1;
				GENERATE_INFOPLIST_FILE = YES;
				MARKETING_VERSION = 1.0;
				PRODUCT_BUNDLE_IDENTIFIER = "S568995.Kotha-PracticeExam02UITests";
				PRODUCT_NAME = "$(TARGET_NAME)";
				SWIFT_EMIT_LOC_STRINGS = NO;
				SWIFT_VERSION = 5.0;
				TARGETED_DEVICE_FAMILY = "1,2";
				TEST_TARGET_NAME = Kotha_PracticeExam02;
			};
			name = Debug;
		};
		8213964E2CDA72A800F7DE3A /* Release */ = {
			isa = XCBuildConfiguration;
			buildSettings = {
				CODE_SIGN_STYLE = Automatic;
				CURRENT_PROJECT_VERSION = 1;
				GENERATE_INFOPLIST_FILE = YES;
				MARKETING_VERSION = 1.0;
				PRODUCT_BUNDLE_IDENTIFIER = "S568995.Kotha-PracticeExam02UITests";
				PRODUCT_NAME = "$(TARGET_NAME)";
				SWIFT_EMIT_LOC_STRINGS = NO;
				SWIFT_VERSION = 5.0;
				TARGETED_DEVICE_FAMILY = "1,2";
				TEST_TARGET_NAME = Kotha_PracticeExam02;
			};
			name = Release;
		};
/* End XCBuildConfiguration section */

/* Begin XCConfigurationList section */
		821396162CDA72A700F7DE3A /* Build configuration list for PBXProject "Kotha_PracticeExam02" */ = {
			isa = XCConfigurationList;
			buildConfigurations = (
				821396472CDA72A800F7DE3A /* Debug */,
				821396482CDA72A800F7DE3A /* Release */,
			);
			defaultConfigurationIsVisible = 0;
			defaultConfigurationName = Release;
		};
		821396442CDA72A800F7DE3A /* Build configuration list for PBXNativeTarget "Kotha_PracticeExam02" */ = {
			isa = XCConfigurationList;
			buildConfigurations = (
				821396452CDA72A800F7DE3A /* Debug */,
				821396462CDA72A800F7DE3A /* Release */,
			);
			defaultConfigurationIsVisible = 0;
			defaultConfigurationName = Release;
		};
		821396492CDA72A800F7DE3A /* Build configuration list for PBXNativeTarget "Kotha_PracticeExam02Tests" */ = {
			isa = XCConfigurationList;
			buildConfigurations = (
				8213964A2CDA72A800F7DE3A /* Debug */,
				8213964B2CDA72A800F7DE3A /* Release */,
			);
			defaultConfigurationIsVisible = 0;
			defaultConfigurationName = Release;
		};
		8213964C2CDA72A800F7DE3A /* Build configuration list for PBXNativeTarget "Kotha_PracticeExam02UITests" */ = {
			isa = XCConfigurationList;
			buildConfigurations = (
				8213964D2CDA72A800F7DE3A /* Debug */,
				8213964E2CDA72A800F7DE3A /* Release */,
			);
			defaultConfigurationIsVisible = 0;
			defaultConfigurationName = Release;
		};
/* End XCConfigurationList section */
	};
	rootObject = 821396132CDA72A700F7DE3A /* Project object */;
}
