// !$*UTF8*$!
{
	archiveVersion = 1;
	classes = {
	};
	objectVersion = 56;
	objects = {

/* Begin PBXBuildFile section */
		820ADAB72CAB7E7900D6BF06 /* AppDelegate.swift in Sources */ = {isa = PBXBuildFile; fileRef = 820ADAB62CAB7E7900D6BF06 /* AppDelegate.swift */; };
		820ADAB92CAB7E7900D6BF06 /* SceneDelegate.swift in Sources */ = {isa = PBXBuildFile; fileRef = 820ADAB82CAB7E7900D6BF06 /* SceneDelegate.swift */; };
		820ADABB2CAB7E7900D6BF06 /* ViewController.swift in Sources */ = {isa = PBXBuildFile; fileRef = 820ADABA2CAB7E7900D6BF06 /* ViewController.swift */; };
		820ADABE2CAB7E7900D6BF06 /* Base in Resources */ = {isa = PBXBuildFile; fileRef = 820ADABD2CAB7E7900D6BF06 /* Base */; };
		820ADAC02CAB7E7A00D6BF06 /* Assets.xcassets in Resources */ = {isa = PBXBuildFile; fileRef = 820ADABF2CAB7E7A00D6BF06 /* Assets.xcassets */; };
		820ADAC32CAB7E7A00D6BF06 /* Base in Resources */ = {isa = PBXBuildFile; fileRef = 820ADAC22CAB7E7A00D6BF06 /* Base */; };
		820ADACE2CAB7E7A00D6BF06 /* Kotha_CalculatorAppTests.swift in Sources */ = {isa = PBXBuildFile; fileRef = 820ADACD2CAB7E7A00D6BF06 /* Kotha_CalculatorAppTests.swift */; };
		820ADAD82CAB7E7A00D6BF06 /* Kotha_CalculatorAppUITests.swift in Sources */ = {isa = PBXBuildFile; fileRef = 820ADAD72CAB7E7A00D6BF06 /* Kotha_CalculatorAppUITests.swift */; };
		820ADADA2CAB7E7A00D6BF06 /* Kotha_CalculatorAppUITestsLaunchTests.swift in Sources */ = {isa = PBXBuildFile; fileRef = 820ADAD92CAB7E7A00D6BF06 /* Kotha_CalculatorAppUITestsLaunchTests.swift */; };
/* End PBXBuildFile section */

/* Begin PBXContainerItemProxy section */
		820ADACA2CAB7E7A00D6BF06 /* PBXContainerItemProxy */ = {
			isa = PBXContainerItemProxy;
			containerPortal = 820ADAAB2CAB7E7900D6BF06 /* Project object */;
			proxyType = 1;
			remoteGlobalIDString = 820ADAB22CAB7E7900D6BF06;
			remoteInfo = Kotha_CalculatorApp;
		};
		820ADAD42CAB7E7A00D6BF06 /* PBXContainerItemProxy */ = {
			isa = PBXContainerItemProxy;
			containerPortal = 820ADAAB2CAB7E7900D6BF06 /* Project object */;
			proxyType = 1;
			remoteGlobalIDString = 820ADAB22CAB7E7900D6BF06;
			remoteInfo = Kotha_CalculatorApp;
		};
/* End PBXContainerItemProxy section */

/* Begin PBXFileReference section */
		820ADAB32CAB7E7900D6BF06 /* Kotha_CalculatorApp.app */ = {isa = PBXFileReference; explicitFileType = wrapper.application; includeInIndex = 0; path = Kotha_CalculatorApp.app; sourceTree = BUILT_PRODUCTS_DIR; };
		820ADAB62CAB7E7900D6BF06 /* AppDelegate.swift */ = {isa = PBXFileReference; lastKnownFileType = sourcecode.swift; path = AppDelegate.swift; sourceTree = "<group>"; };
		820ADAB82CAB7E7900D6BF06 /* SceneDelegate.swift */ = {isa = PBXFileReference; lastKnownFileType = sourcecode.swift; path = SceneDelegate.swift; sourceTree = "<group>"; };
		820ADABA2CAB7E7900D6BF06 /* ViewController.swift */ = {isa = PBXFileReference; lastKnownFileType = sourcecode.swift; path = ViewController.swift; sourceTree = "<group>"; };
		820ADABD2CAB7E7900D6BF06 /* Base */ = {isa = PBXFileReference; lastKnownFileType = file.storyboard; name = Base; path = Base.lproj/Main.storyboard; sourceTree = "<group>"; };
		820ADABF2CAB7E7A00D6BF06 /* Assets.xcassets */ = {isa = PBXFileReference; lastKnownFileType = folder.assetcatalog; path = Assets.xcassets; sourceTree = "<group>"; };
		820ADAC22CAB7E7A00D6BF06 /* Base */ = {isa = PBXFileReference; lastKnownFileType = file.storyboard; name = Base; path = Base.lproj/LaunchScreen.storyboard; sourceTree = "<group>"; };
		820ADAC42CAB7E7A00D6BF06 /* Info.plist */ = {isa = PBXFileReference; lastKnownFileType = text.plist.xml; path = Info.plist; sourceTree = "<group>"; };
		820ADAC92CAB7E7A00D6BF06 /* Kotha_CalculatorAppTests.xctest */ = {isa = PBXFileReference; explicitFileType = wrapper.cfbundle; includeInIndex = 0; path = Kotha_CalculatorAppTests.xctest; sourceTree = BUILT_PRODUCTS_DIR; };
		820ADACD2CAB7E7A00D6BF06 /* Kotha_CalculatorAppTests.swift */ = {isa = PBXFileReference; lastKnownFileType = sourcecode.swift; path = Kotha_CalculatorAppTests.swift; sourceTree = "<group>"; };
		820ADAD32CAB7E7A00D6BF06 /* Kotha_CalculatorAppUITests.xctest */ = {isa = PBXFileReference; explicitFileType = wrapper.cfbundle; includeInIndex = 0; path = Kotha_CalculatorAppUITests.xctest; sourceTree = BUILT_PRODUCTS_DIR; };
		820ADAD72CAB7E7A00D6BF06 /* Kotha_CalculatorAppUITests.swift */ = {isa = PBXFileReference; lastKnownFileType = sourcecode.swift; path = Kotha_CalculatorAppUITests.swift; sourceTree = "<group>"; };
		820ADAD92CAB7E7A00D6BF06 /* Kotha_CalculatorAppUITestsLaunchTests.swift */ = {isa = PBXFileReference; lastKnownFileType = sourcecode.swift; path = Kotha_CalculatorAppUITestsLaunchTests.swift; sourceTree = "<group>"; };
/* End PBXFileReference section */

/* Begin PBXFrameworksBuildPhase section */
		820ADAB02CAB7E7900D6BF06 /* Frameworks */ = {
			isa = PBXFrameworksBuildPhase;
			buildActionMask = 2147483647;
			files = (
			);
			runOnlyForDeploymentPostprocessing = 0;
		};
		820ADAC62CAB7E7A00D6BF06 /* Frameworks */ = {
			isa = PBXFrameworksBuildPhase;
			buildActionMask = 2147483647;
			files = (
			);
			runOnlyForDeploymentPostprocessing = 0;
		};
		820ADAD02CAB7E7A00D6BF06 /* Frameworks */ = {
			isa = PBXFrameworksBuildPhase;
			buildActionMask = 2147483647;
			files = (
			);
			runOnlyForDeploymentPostprocessing = 0;
		};
/* End PBXFrameworksBuildPhase section */

/* Begin PBXGroup section */
		820ADAAA2CAB7E7900D6BF06 = {
			isa = PBXGroup;
			children = (
				820ADAB52CAB7E7900D6BF06 /* Kotha_CalculatorApp */,
				820ADACC2CAB7E7A00D6BF06 /* Kotha_CalculatorAppTests */,
				820ADAD62CAB7E7A00D6BF06 /* Kotha_CalculatorAppUITests */,
				820ADAB42CAB7E7900D6BF06 /* Products */,
			);
			sourceTree = "<group>";
		};
		820ADAB42CAB7E7900D6BF06 /* Products */ = {
			isa = PBXGroup;
			children = (
				820ADAB32CAB7E7900D6BF06 /* Kotha_CalculatorApp.app */,
				820ADAC92CAB7E7A00D6BF06 /* Kotha_CalculatorAppTests.xctest */,
				820ADAD32CAB7E7A00D6BF06 /* Kotha_CalculatorAppUITests.xctest */,
			);
			name = Products;
			sourceTree = "<group>";
		};
		820ADAB52CAB7E7900D6BF06 /* Kotha_CalculatorApp */ = {
			isa = PBXGroup;
			children = (
				820ADAB62CAB7E7900D6BF06 /* AppDelegate.swift */,
				820ADAB82CAB7E7900D6BF06 /* SceneDelegate.swift */,
				820ADABA2CAB7E7900D6BF06 /* ViewController.swift */,
				820ADABC2CAB7E7900D6BF06 /* Main.storyboard */,
				820ADABF2CAB7E7A00D6BF06 /* Assets.xcassets */,
				820ADAC12CAB7E7A00D6BF06 /* LaunchScreen.storyboard */,
				820ADAC42CAB7E7A00D6BF06 /* Info.plist */,
			);
			path = Kotha_CalculatorApp;
			sourceTree = "<group>";
		};
		820ADACC2CAB7E7A00D6BF06 /* Kotha_CalculatorAppTests */ = {
			isa = PBXGroup;
			children = (
				820ADACD2CAB7E7A00D6BF06 /* Kotha_CalculatorAppTests.swift */,
			);
			path = Kotha_CalculatorAppTests;
			sourceTree = "<group>";
		};
		820ADAD62CAB7E7A00D6BF06 /* Kotha_CalculatorAppUITests */ = {
			isa = PBXGroup;
			children = (
				820ADAD72CAB7E7A00D6BF06 /* Kotha_CalculatorAppUITests.swift */,
				820ADAD92CAB7E7A00D6BF06 /* Kotha_CalculatorAppUITestsLaunchTests.swift */,
			);
			path = Kotha_CalculatorAppUITests;
			sourceTree = "<group>";
		};
/* End PBXGroup section */

/* Begin PBXNativeTarget section */
		820ADAB22CAB7E7900D6BF06 /* Kotha_CalculatorApp */ = {
			isa = PBXNativeTarget;
			buildConfigurationList = 820ADADD2CAB7E7A00D6BF06 /* Build configuration list for PBXNativeTarget "Kotha_CalculatorApp" */;
			buildPhases = (
				820ADAAF2CAB7E7900D6BF06 /* Sources */,
				820ADAB02CAB7E7900D6BF06 /* Frameworks */,
				820ADAB12CAB7E7900D6BF06 /* Resources */,
			);
			buildRules = (
			);
			dependencies = (
			);
			name = Kotha_CalculatorApp;
			productName = Kotha_CalculatorApp;
			productReference = 820ADAB32CAB7E7900D6BF06 /* Kotha_CalculatorApp.app */;
			productType = "com.apple.product-type.application";
		};
		820ADAC82CAB7E7A00D6BF06 /* Kotha_CalculatorAppTests */ = {
			isa = PBXNativeTarget;
			buildConfigurationList = 820ADAE02CAB7E7A00D6BF06 /* Build configuration list for PBXNativeTarget "Kotha_CalculatorAppTests" */;
			buildPhases = (
				820ADAC52CAB7E7A00D6BF06 /* Sources */,
				820ADAC62CAB7E7A00D6BF06 /* Frameworks */,
				820ADAC72CAB7E7A00D6BF06 /* Resources */,
			);
			buildRules = (
			);
			dependencies = (
				820ADACB2CAB7E7A00D6BF06 /* PBXTargetDependency */,
			);
			name = Kotha_CalculatorAppTests;
			productName = Kotha_CalculatorAppTests;
			productReference = 820ADAC92CAB7E7A00D6BF06 /* Kotha_CalculatorAppTests.xctest */;
			productType = "com.apple.product-type.bundle.unit-test";
		};
		820ADAD22CAB7E7A00D6BF06 /* Kotha_CalculatorAppUITests */ = {
			isa = PBXNativeTarget;
			buildConfigurationList = 820ADAE32CAB7E7A00D6BF06 /* Build configuration list for PBXNativeTarget "Kotha_CalculatorAppUITests" */;
			buildPhases = (
				820ADACF2CAB7E7A00D6BF06 /* Sources */,
				820ADAD02CAB7E7A00D6BF06 /* Frameworks */,
				820ADAD12CAB7E7A00D6BF06 /* Resources */,
			);
			buildRules = (
			);
			dependencies = (
				820ADAD52CAB7E7A00D6BF06 /* PBXTargetDependency */,
			);
			name = Kotha_CalculatorAppUITests;
			productName = Kotha_CalculatorAppUITests;
			productReference = 820ADAD32CAB7E7A00D6BF06 /* Kotha_CalculatorAppUITests.xctest */;
			productType = "com.apple.product-type.bundle.ui-testing";
		};
/* End PBXNativeTarget section */

/* Begin PBXProject section */
		820ADAAB2CAB7E7900D6BF06 /* Project object */ = {
			isa = PBXProject;
			attributes = {
				BuildIndependentTargetsInParallel = 1;
				LastSwiftUpdateCheck = 1540;
				LastUpgradeCheck = 1540;
				TargetAttributes = {
					820ADAB22CAB7E7900D6BF06 = {
						CreatedOnToolsVersion = 15.4;
					};
					820ADAC82CAB7E7A00D6BF06 = {
						CreatedOnToolsVersion = 15.4;
						TestTargetID = 820ADAB22CAB7E7900D6BF06;
					};
					820ADAD22CAB7E7A00D6BF06 = {
						CreatedOnToolsVersion = 15.4;
						TestTargetID = 820ADAB22CAB7E7900D6BF06;
					};
				};
			};
			buildConfigurationList = 820ADAAE2CAB7E7900D6BF06 /* Build configuration list for PBXProject "Kotha_CalculatorApp" */;
			compatibilityVersion = "Xcode 14.0";
			developmentRegion = en;
			hasScannedForEncodings = 0;
			knownRegions = (
				en,
				Base,
			);
			mainGroup = 820ADAAA2CAB7E7900D6BF06;
			productRefGroup = 820ADAB42CAB7E7900D6BF06 /* Products */;
			projectDirPath = "";
			projectRoot = "";
			targets = (
				820ADAB22CAB7E7900D6BF06 /* Kotha_CalculatorApp */,
				820ADAC82CAB7E7A00D6BF06 /* Kotha_CalculatorAppTests */,
				820ADAD22CAB7E7A00D6BF06 /* Kotha_CalculatorAppUITests */,
			);
		};
/* End PBXProject section */

/* Begin PBXResourcesBuildPhase section */
		820ADAB12CAB7E7900D6BF06 /* Resources */ = {
			isa = PBXResourcesBuildPhase;
			buildActionMask = 2147483647;
			files = (
				820ADAC02CAB7E7A00D6BF06 /* Assets.xcassets in Resources */,
				820ADAC32CAB7E7A00D6BF06 /* Base in Resources */,
				820ADABE2CAB7E7900D6BF06 /* Base in Resources */,
			);
			runOnlyForDeploymentPostprocessing = 0;
		};
		820ADAC72CAB7E7A00D6BF06 /* Resources */ = {
			isa = PBXResourcesBuildPhase;
			buildActionMask = 2147483647;
			files = (
			);
			runOnlyForDeploymentPostprocessing = 0;
		};
		820ADAD12CAB7E7A00D6BF06 /* Resources */ = {
			isa = PBXResourcesBuildPhase;
			buildActionMask = 2147483647;
			files = (
			);
			runOnlyForDeploymentPostprocessing = 0;
		};
/* End PBXResourcesBuildPhase section */

/* Begin PBXSourcesBuildPhase section */
		820ADAAF2CAB7E7900D6BF06 /* Sources */ = {
			isa = PBXSourcesBuildPhase;
			buildActionMask = 2147483647;
			files = (
				820ADABB2CAB7E7900D6BF06 /* ViewController.swift in Sources */,
				820ADAB72CAB7E7900D6BF06 /* AppDelegate.swift in Sources */,
				820ADAB92CAB7E7900D6BF06 /* SceneDelegate.swift in Sources */,
			);
			runOnlyForDeploymentPostprocessing = 0;
		};
		820ADAC52CAB7E7A00D6BF06 /* Sources */ = {
			isa = PBXSourcesBuildPhase;
			buildActionMask = 2147483647;
			files = (
				820ADACE2CAB7E7A00D6BF06 /* Kotha_CalculatorAppTests.swift in Sources */,
			);
			runOnlyForDeploymentPostprocessing = 0;
		};
		820ADACF2CAB7E7A00D6BF06 /* Sources */ = {
			isa = PBXSourcesBuildPhase;
			buildActionMask = 2147483647;
			files = (
				820ADADA2CAB7E7A00D6BF06 /* Kotha_CalculatorAppUITestsLaunchTests.swift in Sources */,
				820ADAD82CAB7E7A00D6BF06 /* Kotha_CalculatorAppUITests.swift in Sources */,
			);
			runOnlyForDeploymentPostprocessing = 0;
		};
/* End PBXSourcesBuildPhase section */

/* Begin PBXTargetDependency section */
		820ADACB2CAB7E7A00D6BF06 /* PBXTargetDependency */ = {
			isa = PBXTargetDependency;
			target = 820ADAB22CAB7E7900D6BF06 /* Kotha_CalculatorApp */;
			targetProxy = 820ADACA2CAB7E7A00D6BF06 /* PBXContainerItemProxy */;
		};
		820ADAD52CAB7E7A00D6BF06 /* PBXTargetDependency */ = {
			isa = PBXTargetDependency;
			target = 820ADAB22CAB7E7900D6BF06 /* Kotha_CalculatorApp */;
			targetProxy = 820ADAD42CAB7E7A00D6BF06 /* PBXContainerItemProxy */;
		};
/* End PBXTargetDependency section */

/* Begin PBXVariantGroup section */
		820ADABC2CAB7E7900D6BF06 /* Main.storyboard */ = {
			isa = PBXVariantGroup;
			children = (
				820ADABD2CAB7E7900D6BF06 /* Base */,
			);
			name = Main.storyboard;
			sourceTree = "<group>";
		};
		820ADAC12CAB7E7A00D6BF06 /* LaunchScreen.storyboard */ = {
			isa = PBXVariantGroup;
			children = (
				820ADAC22CAB7E7A00D6BF06 /* Base */,
			);
			name = LaunchScreen.storyboard;
			sourceTree = "<group>";
		};
/* End PBXVariantGroup section */

/* Begin XCBuildConfiguration section */
		820ADADB2CAB7E7A00D6BF06 /* Debug */ = {
			isa = XCBuildConfiguration;
			buildSettings = {
				ALWAYS_SEARCH_USER_PATHS = NO;
				ASSETCATALOG_COMPILER_GENERATE_SWIFT_ASSET_SYMBOL_EXTENSIONS = YES;
				CLANG_ANALYZER_NONNULL = YES;
				CLANG_ANALYZER_NUMBER_OBJECT_CONVERSION = YES_AGGRESSIVE;
				CLANG_CXX_LANGUAGE_STANDARD = "gnu++20";
				CLANG_ENABLE_MODULES = YES;
				CLANG_ENABLE_OBJC_ARC = YES;
				CLANG_ENABLE_OBJC_WEAK = YES;
				CLANG_WARN_BLOCK_CAPTURE_AUTORELEASING = YES;
				CLANG_WARN_BOOL_CONVERSION = YES;
				CLANG_WARN_COMMA = YES;
				CLANG_WARN_CONSTANT_CONVERSION = YES;
				CLANG_WARN_DEPRECATED_OBJC_IMPLEMENTATIONS = YES;
				CLANG_WARN_DIRECT_OBJC_ISA_USAGE = YES_ERROR;
				CLANG_WARN_DOCUMENTATION_COMMENTS = YES;
				CLANG_WARN_EMPTY_BODY = YES;
				CLANG_WARN_ENUM_CONVERSION = YES;
				CLANG_WARN_INFINITE_RECURSION = YES;
				CLANG_WARN_INT_CONVERSION = YES;
				CLANG_WARN_NON_LITERAL_NULL_CONVERSION = YES;
				CLANG_WARN_OBJC_IMPLICIT_RETAIN_SELF = YES;
				CLANG_WARN_OBJC_LITERAL_CONVERSION = YES;
				CLANG_WARN_OBJC_ROOT_CLASS = YES_ERROR;
				CLANG_WARN_QUOTED_INCLUDE_IN_FRAMEWORK_HEADER = YES;
				CLANG_WARN_RANGE_LOOP_ANALYSIS = YES;
				CLANG_WARN_STRICT_PROTOTYPES = YES;
				CLANG_WARN_SUSPICIOUS_MOVE = YES;
				CLANG_WARN_UNGUARDED_AVAILABILITY = YES_AGGRESSIVE;
				CLANG_WARN_UNREACHABLE_CODE = YES;
				CLANG_WARN__DUPLICATE_METHOD_MATCH = YES;
				COPY_PHASE_STRIP = NO;
				DEBUG_INFORMATION_FORMAT = dwarf;
				ENABLE_STRICT_OBJC_MSGSEND = YES;
				ENABLE_TESTABILITY = YES;
				ENABLE_USER_SCRIPT_SANDBOXING = YES;
				GCC_C_LANGUAGE_STANDARD = gnu17;
				GCC_DYNAMIC_NO_PIC = NO;
				GCC_NO_COMMON_BLOCKS = YES;
				GCC_OPTIMIZATION_LEVEL = 0;
				GCC_PREPROCESSOR_DEFINITIONS = (
					"DEBUG=1",
					"$(inherited)",
				);
				GCC_WARN_64_TO_32_BIT_CONVERSION = YES;
				GCC_WARN_ABOUT_RETURN_TYPE = YES_ERROR;
				GCC_WARN_UNDECLARED_SELECTOR = YES;
				GCC_WARN_UNINITIALIZED_AUTOS = YES_AGGRESSIVE;
				GCC_WARN_UNUSED_FUNCTION = YES;
				GCC_WARN_UNUSED_VARIABLE = YES;
				IPHONEOS_DEPLOYMENT_TARGET = 17.5;
				LOCALIZATION_PREFERS_STRING_CATALOGS = YES;
				MTL_ENABLE_DEBUG_INFO = INCLUDE_SOURCE;
				MTL_FAST_MATH = YES;
				ONLY_ACTIVE_ARCH = YES;
				SDKROOT = iphoneos;
				SWIFT_ACTIVE_COMPILATION_CONDITIONS = "DEBUG $(inherited)";
				SWIFT_OPTIMIZATION_LEVEL = "-Onone";
			};
			name = Debug;
		};
		820ADADC2CAB7E7A00D6BF06 /* Release */ = {
			isa = XCBuildConfiguration;
			buildSettings = {
				ALWAYS_SEARCH_USER_PATHS = NO;
				ASSETCATALOG_COMPILER_GENERATE_SWIFT_ASSET_SYMBOL_EXTENSIONS = YES;
				CLANG_ANALYZER_NONNULL = YES;
				CLANG_ANALYZER_NUMBER_OBJECT_CONVERSION = YES_AGGRESSIVE;
				CLANG_CXX_LANGUAGE_STANDARD = "gnu++20";
				CLANG_ENABLE_MODULES = YES;
				CLANG_ENABLE_OBJC_ARC = YES;
				CLANG_ENABLE_OBJC_WEAK = YES;
				CLANG_WARN_BLOCK_CAPTURE_AUTORELEASING = YES;
				CLANG_WARN_BOOL_CONVERSION = YES;
				CLANG_WARN_COMMA = YES;
				CLANG_WARN_CONSTANT_CONVERSION = YES;
				CLANG_WARN_DEPRECATED_OBJC_IMPLEMENTATIONS = YES;
				CLANG_WARN_DIRECT_OBJC_ISA_USAGE = YES_ERROR;
				CLANG_WARN_DOCUMENTATION_COMMENTS = YES;
				CLANG_WARN_EMPTY_BODY = YES;
				CLANG_WARN_ENUM_CONVERSION = YES;
				CLANG_WARN_INFINITE_RECURSION = YES;
				CLANG_WARN_INT_CONVERSION = YES;
				CLANG_WARN_NON_LITERAL_NULL_CONVERSION = YES;
				CLANG_WARN_OBJC_IMPLICIT_RETAIN_SELF = YES;
				CLANG_WARN_OBJC_LITERAL_CONVERSION = YES;
				CLANG_WARN_OBJC_ROOT_CLASS = YES_ERROR;
				CLANG_WARN_QUOTED_INCLUDE_IN_FRAMEWORK_HEADER = YES;
				CLANG_WARN_RANGE_LOOP_ANALYSIS = YES;
				CLANG_WARN_STRICT_PROTOTYPES = YES;
				CLANG_WARN_SUSPICIOUS_MOVE = YES;
				CLANG_WARN_UNGUARDED_AVAILABILITY = YES_AGGRESSIVE;
				CLANG_WARN_UNREACHABLE_CODE = YES;
				CLANG_WARN__DUPLICATE_METHOD_MATCH = YES;
				COPY_PHASE_STRIP = NO;
				DEBUG_INFORMATION_FORMAT = "dwarf-with-dsym";
				ENABLE_NS_ASSERTIONS = NO;
				ENABLE_STRICT_OBJC_MSGSEND = YES;
				ENABLE_USER_SCRIPT_SANDBOXING = YES;
				GCC_C_LANGUAGE_STANDARD = gnu17;
				GCC_NO_COMMON_BLOCKS = YES;
				GCC_WARN_64_TO_32_BIT_CONVERSION = YES;
				GCC_WARN_ABOUT_RETURN_TYPE = YES_ERROR;
				GCC_WARN_UNDECLARED_SELECTOR = YES;
				GCC_WARN_UNINITIALIZED_AUTOS = YES_AGGRESSIVE;
				GCC_WARN_UNUSED_FUNCTION = YES;
				GCC_WARN_UNUSED_VARIABLE = YES;
				IPHONEOS_DEPLOYMENT_TARGET = 17.5;
				LOCALIZATION_PREFERS_STRING_CATALOGS = YES;
				MTL_ENABLE_DEBUG_INFO = NO;
				MTL_FAST_MATH = YES;
				SDKROOT = iphoneos;
				SWIFT_COMPILATION_MODE = wholemodule;
				VALIDATE_PRODUCT = YES;
			};
			name = Release;
		};
		820ADADE2CAB7E7A00D6BF06 /* Debug */ = {
			isa = XCBuildConfiguration;
			buildSettings = {
				ASSETCATALOG_COMPILER_APPICON_NAME = AppIcon;
				ASSETCATALOG_COMPILER_GLOBAL_ACCENT_COLOR_NAME = AccentColor;
				CODE_SIGN_STYLE = Automatic;
				CURRENT_PROJECT_VERSION = 1;
				GENERATE_INFOPLIST_FILE = YES;
				INFOPLIST_FILE = Kotha_CalculatorApp/Info.plist;
				INFOPLIST_KEY_UIApplicationSupportsIndirectInputEvents = YES;
				INFOPLIST_KEY_UILaunchStoryboardName = LaunchScreen;
				INFOPLIST_KEY_UIMainStoryboardFile = Main;
				INFOPLIST_KEY_UISupportedInterfaceOrientations_iPad = "UIInterfaceOrientationPortrait UIInterfaceOrientationPortraitUpsideDown UIInterfaceOrientationLandscapeLeft UIInterfaceOrientationLandscapeRight";
				INFOPLIST_KEY_UISupportedInterfaceOrientations_iPhone = "UIInterfaceOrientationPortrait UIInterfaceOrientationLandscapeLeft UIInterfaceOrientationLandscapeRight";
				IPHONEOS_DEPLOYMENT_TARGET = 15.5;
				LD_RUNPATH_SEARCH_PATHS = (
					"$(inherited)",
					"@executable_path/Frameworks",
				);
				MARKETING_VERSION = 1.0;
				PRODUCT_BUNDLE_IDENTIFIER = "nwmsu.Kotha-CalculatorApp";
				PRODUCT_NAME = "$(TARGET_NAME)";
				SWIFT_EMIT_LOC_STRINGS = YES;
				SWIFT_VERSION = 5.0;
				TARGETED_DEVICE_FAMILY = "1,2";
			};
			name = Debug;
		};
		820ADADF2CAB7E7A00D6BF06 /* Release */ = {
			isa = XCBuildConfiguration;
			buildSettings = {
				ASSETCATALOG_COMPILER_APPICON_NAME = AppIcon;
				ASSETCATALOG_COMPILER_GLOBAL_ACCENT_COLOR_NAME = AccentColor;
				CODE_SIGN_STYLE = Automatic;
				CURRENT_PROJECT_VERSION = 1;
				GENERATE_INFOPLIST_FILE = YES;
				INFOPLIST_FILE = Kotha_CalculatorApp/Info.plist;
				INFOPLIST_KEY_UIApplicationSupportsIndirectInputEvents = YES;
				INFOPLIST_KEY_UILaunchStoryboardName = LaunchScreen;
				INFOPLIST_KEY_UIMainStoryboardFile = Main;
				INFOPLIST_KEY_UISupportedInterfaceOrientations_iPad = "UIInterfaceOrientationPortrait UIInterfaceOrientationPortraitUpsideDown UIInterfaceOrientationLandscapeLeft UIInterfaceOrientationLandscapeRight";
				INFOPLIST_KEY_UISupportedInterfaceOrientations_iPhone = "UIInterfaceOrientationPortrait UIInterfaceOrientationLandscapeLeft UIInterfaceOrientationLandscapeRight";
				IPHONEOS_DEPLOYMENT_TARGET = 15.5;
				LD_RUNPATH_SEARCH_PATHS = (
					"$(inherited)",
					"@executable_path/Frameworks",
				);
				MARKETING_VERSION = 1.0;
				PRODUCT_BUNDLE_IDENTIFIER = "nwmsu.Kotha-CalculatorApp";
				PRODUCT_NAME = "$(TARGET_NAME)";
				SWIFT_EMIT_LOC_STRINGS = YES;
				SWIFT_VERSION = 5.0;
				TARGETED_DEVICE_FAMILY = "1,2";
			};
			name = Release;
		};
		820ADAE12CAB7E7A00D6BF06 /* Debug */ = {
			isa = XCBuildConfiguration;
			buildSettings = {
				ALWAYS_EMBED_SWIFT_STANDARD_LIBRARIES = YES;
				BUNDLE_LOADER = "$(TEST_HOST)";
				CODE_SIGN_STYLE = Automatic;
				CURRENT_PROJECT_VERSION = 1;
				GENERATE_INFOPLIST_FILE = YES;
				IPHONEOS_DEPLOYMENT_TARGET = 17.5;
				MARKETING_VERSION = 1.0;
				PRODUCT_BUNDLE_IDENTIFIER = "nwmsu.Kotha-CalculatorAppTests";
				PRODUCT_NAME = "$(TARGET_NAME)";
				SWIFT_EMIT_LOC_STRINGS = NO;
				SWIFT_VERSION = 5.0;
				TARGETED_DEVICE_FAMILY = "1,2";
				TEST_HOST = "$(BUILT_PRODUCTS_DIR)/Kotha_CalculatorApp.app/$(BUNDLE_EXECUTABLE_FOLDER_PATH)/Kotha_CalculatorApp";
			};
			name = Debug;
		};
		820ADAE22CAB7E7A00D6BF06 /* Release */ = {
			isa = XCBuildConfiguration;
			buildSettings = {
				ALWAYS_EMBED_SWIFT_STANDARD_LIBRARIES = YES;
				BUNDLE_LOADER = "$(TEST_HOST)";
				CODE_SIGN_STYLE = Automatic;
				CURRENT_PROJECT_VERSION = 1;
				GENERATE_INFOPLIST_FILE = YES;
				IPHONEOS_DEPLOYMENT_TARGET = 17.5;
				MARKETING_VERSION = 1.0;
				PRODUCT_BUNDLE_IDENTIFIER = "nwmsu.Kotha-CalculatorAppTests";
				PRODUCT_NAME = "$(TARGET_NAME)";
				SWIFT_EMIT_LOC_STRINGS = NO;
				SWIFT_VERSION = 5.0;
				TARGETED_DEVICE_FAMILY = "1,2";
				TEST_HOST = "$(BUILT_PRODUCTS_DIR)/Kotha_CalculatorApp.app/$(BUNDLE_EXECUTABLE_FOLDER_PATH)/Kotha_CalculatorApp";
			};
			name = Release;
		};
		820ADAE42CAB7E7A00D6BF06 /* Debug */ = {
			isa = XCBuildConfiguration;
			buildSettings = {
				ALWAYS_EMBED_SWIFT_STANDARD_LIBRARIES = YES;
				CODE_SIGN_STYLE = Automatic;
				CURRENT_PROJECT_VERSION = 1;
				GENERATE_INFOPLIST_FILE = YES;
				MARKETING_VERSION = 1.0;
				PRODUCT_BUNDLE_IDENTIFIER = "nwmsu.Kotha-CalculatorAppUITests";
				PRODUCT_NAME = "$(TARGET_NAME)";
				SWIFT_EMIT_LOC_STRINGS = NO;
				SWIFT_VERSION = 5.0;
				TARGETED_DEVICE_FAMILY = "1,2";
				TEST_TARGET_NAME = Kotha_CalculatorApp;
			};
			name = Debug;
		};
		820ADAE52CAB7E7A00D6BF06 /* Release */ = {
			isa = XCBuildConfiguration;
			buildSettings = {
				ALWAYS_EMBED_SWIFT_STANDARD_LIBRARIES = YES;
				CODE_SIGN_STYLE = Automatic;
				CURRENT_PROJECT_VERSION = 1;
				GENERATE_INFOPLIST_FILE = YES;
				MARKETING_VERSION = 1.0;
				PRODUCT_BUNDLE_IDENTIFIER = "nwmsu.Kotha-CalculatorAppUITests";
				PRODUCT_NAME = "$(TARGET_NAME)";
				SWIFT_EMIT_LOC_STRINGS = NO;
				SWIFT_VERSION = 5.0;
				TARGETED_DEVICE_FAMILY = "1,2";
				TEST_TARGET_NAME = Kotha_CalculatorApp;
			};
			name = Release;
		};
/* End XCBuildConfiguration section */

/* Begin XCConfigurationList section */
		820ADAAE2CAB7E7900D6BF06 /* Build configuration list for PBXProject "Kotha_CalculatorApp" */ = {
			isa = XCConfigurationList;
			buildConfigurations = (
				820ADADB2CAB7E7A00D6BF06 /* Debug */,
				820ADADC2CAB7E7A00D6BF06 /* Release */,
			);
			defaultConfigurationIsVisible = 0;
			defaultConfigurationName = Release;
		};
		820ADADD2CAB7E7A00D6BF06 /* Build configuration list for PBXNativeTarget "Kotha_CalculatorApp" */ = {
			isa = XCConfigurationList;
			buildConfigurations = (
				820ADADE2CAB7E7A00D6BF06 /* Debug */,
				820ADADF2CAB7E7A00D6BF06 /* Release */,
			);
			defaultConfigurationIsVisible = 0;
			defaultConfigurationName = Release;
		};
		820ADAE02CAB7E7A00D6BF06 /* Build configuration list for PBXNativeTarget "Kotha_CalculatorAppTests" */ = {
			isa = XCConfigurationList;
			buildConfigurations = (
				820ADAE12CAB7E7A00D6BF06 /* Debug */,
				820ADAE22CAB7E7A00D6BF06 /* Release */,
			);
			defaultConfigurationIsVisible = 0;
			defaultConfigurationName = Release;
		};
		820ADAE32CAB7E7A00D6BF06 /* Build configuration list for PBXNativeTarget "Kotha_CalculatorAppUITests" */ = {
			isa = XCConfigurationList;
			buildConfigurations = (
				820ADAE42CAB7E7A00D6BF06 /* Debug */,
				820ADAE52CAB7E7A00D6BF06 /* Release */,
			);
			defaultConfigurationIsVisible = 0;
			defaultConfigurationName = Release;
		};
/* End XCConfigurationList section */
	};
	rootObject = 820ADAAB2CAB7E7900D6BF06 /* Project object */;
}
